
Microsoft Visual Studio Solution File, Format Version 12.00
# Visual Studio Version 16
VisualStudioVersion = 16.0.29519.87
MinimumVisualStudioVersion = 10.0.40219.1
Project("{8BC9CEB8-8B4A-11D0-8D11-00A0C91BC942}") = "TrueAndFalse", "TrueAndFalse\TrueAndFalse.vcxproj", "{CD0315F5-196E-46A8-89C1-D48D9CAFCBD3}"
EndProject
Project("{8BC9CEB8-8B4A-11D0-8D11-00A0C91BC942}") = "DataTypeBool", "DataTypeBool\DataTypeBool.vcxproj", "{EB9D450F-852A-4BBB-B39A-25D33C8E2DB3}"
EndProject
Project("{8BC9CEB8-8B4A-11D0-8D11-00A0C91BC942}") = "Referen", "Referen\Referen.vcxproj", "{39635DF1-0071-404B-BC1E-ED3634FEEA72}"
EndProject
Project("{8BC9CEB8-8B4A-11D0-8D11-00A0C91BC942}") = "RefArrElem", "RefArrElem\RefArrElem.vcxproj", "{2C780534-B9AE-4588-819A-07A757521983}"
EndProject
Project("{8BC9CEB8-8B4A-11D0-8D11-00A0C91BC942}") = "RefPtr", "RefPtr\RefPtr.vcxproj", "{60579002-83A7-429E-84FB-E2E1896F4439}"
EndProject
Project("{8BC9CEB8-8B4A-11D0-8D11-00A0C91BC942}") = "RefSwap", "RefSwap\RefSwap.vcxproj", "{66AE0023-FCDD-4F0F-9721-A09211843C06}"
EndProject
Project("{8BC9CEB8-8B4A-11D0-8D11-00A0C91BC942}") = "Question02_1_1", "Question02_1_1\Question02_1_1.vcxproj", "{817C156F-D6B6-4127-A2C4-CA61D0086DB7}"
EndProject
Project("{8BC9CEB8-8B4A-11D0-8D11-00A0C91BC942}") = "Question02_1_3", "Question02_1_3\Question02_1_3.vcxproj", "{848FB462-7C5E-45CF-AF73-0BE54BB56852}"
EndProject
Project("{8BC9CEB8-8B4A-11D0-8D11-00A0C91BC942}") = "RefReturnOne", "RefReturnOne\RefReturnOne.vcxproj", "{6EC12109-BE1D-49CD-BC9B-1EBF3020FBB6}"
EndProject
Project("{8BC9CEB8-8B4A-11D0-8D11-00A0C91BC942}") = "RefReturnTwo", "RefReturnTwo\RefReturnTwo.vcxproj", "{35E9187F-15D5-461E-9822-F0C95C092570}"
EndProject
Project("{8BC9CEB8-8B4A-11D0-8D11-00A0C91BC942}") = "RefReturnThree", "RefReturnThree\RefReturnThree.vcxproj", "{E2F3E27E-9B38-415C-AE2B-F0B4E9C7A759}"
EndProject
Project("{8BC9CEB8-8B4A-11D0-8D11-00A0C91BC942}") = "Question02_2_1", "Question02_2_1\Question02_2_1.vcxproj", "{8922365E-9EF6-4C12-8024-EB329E4313E0}"
EndProject
Project("{8BC9CEB8-8B4A-11D0-8D11-00A0C91BC942}") = "MemMalFree", "MemMalFree\MemMalFree.vcxproj", "{9C1634B5-D160-491D-A48F-87B626C42ABC}"
EndProject
Project("{8BC9CEB8-8B4A-11D0-8D11-00A0C91BC942}") = "NewDelete", "NewDelete\NewDelete.vcxproj", "{D5E7C11D-DF77-4E93-AD53-094DC52BBAFF}"
EndProject
Project("{8BC9CEB8-8B4A-11D0-8D11-00A0C91BC942}") = "NewObject", "NewObject\NewObject.vcxproj", "{7A43309F-F8C9-483A-8704-681EBE46CE9A}"
EndProject
Project("{8BC9CEB8-8B4A-11D0-8D11-00A0C91BC942}") = "Question02_3_1", "Question02_3_1\Question02_3_1.vcxproj", "{8E1CD21D-86BF-4F54-97DF-9B491DD148C2}"
EndProject
Project("{8BC9CEB8-8B4A-11D0-8D11-00A0C91BC942}") = "StdCPPFunc", "StdCPPFunc\StdCPPFunc.vcxproj", "{9C539CA9-9243-40D3-A3FC-1AAB9285390C}"
EndProject
Project("{8BC9CEB8-8B4A-11D0-8D11-00A0C91BC942}") = "Question02_4_1", "Question02_4_1\Question02_4_1.vcxproj", "{E37E14B4-0EBB-49C1-ACFA-8C50EF17CEAD}"
EndProject
Global
	GlobalSection(SolutionConfigurationPlatforms) = preSolution
		Debug|x64 = Debug|x64
		Debug|x86 = Debug|x86
		Release|x64 = Release|x64
		Release|x86 = Release|x86
	EndGlobalSection
	GlobalSection(ProjectConfigurationPlatforms) = postSolution
		{CD0315F5-196E-46A8-89C1-D48D9CAFCBD3}.Debug|x64.ActiveCfg = Debug|x64
		{CD0315F5-196E-46A8-89C1-D48D9CAFCBD3}.Debug|x64.Build.0 = Debug|x64
		{CD0315F5-196E-46A8-89C1-D48D9CAFCBD3}.Debug|x86.ActiveCfg = Debug|Win32
		{CD0315F5-196E-46A8-89C1-D48D9CAFCBD3}.Debug|x86.Build.0 = Debug|Win32
		{CD0315F5-196E-46A8-89C1-D48D9CAFCBD3}.Release|x64.ActiveCfg = Release|x64
		{CD0315F5-196E-46A8-89C1-D48D9CAFCBD3}.Release|x64.Build.0 = Release|x64
		{CD0315F5-196E-46A8-89C1-D48D9CAFCBD3}.Release|x86.ActiveCfg = Release|Win32
		{CD0315F5-196E-46A8-89C1-D48D9CAFCBD3}.Release|x86.Build.0 = Release|Win32
		{EB9D450F-852A-4BBB-B39A-25D33C8E2DB3}.Debug|x64.ActiveCfg = Debug|x64
		{EB9D450F-852A-4BBB-B39A-25D33C8E2DB3}.Debug|x64.Build.0 = Debug|x64
		{EB9D450F-852A-4BBB-B39A-25D33C8E2DB3}.Debug|x86.ActiveCfg = Debug|Win32
		{EB9D450F-852A-4BBB-B39A-25D33C8E2DB3}.Debug|x86.Build.0 = Debug|Win32
		{EB9D450F-852A-4BBB-B39A-25D33C8E2DB3}.Release|x64.ActiveCfg = Release|x64
		{EB9D450F-852A-4BBB-B39A-25D33C8E2DB3}.Release|x64.Build.0 = Release|x64
		{EB9D450F-852A-4BBB-B39A-25D33C8E2DB3}.Release|x86.ActiveCfg = Release|Win32
		{EB9D450F-852A-4BBB-B39A-25D33C8E2DB3}.Release|x86.Build.0 = Release|Win32
		{39635DF1-0071-404B-BC1E-ED3634FEEA72}.Debug|x64.ActiveCfg = Debug|x64
		{39635DF1-0071-404B-BC1E-ED3634FEEA72}.Debug|x64.Build.0 = Debug|x64
		{39635DF1-0071-404B-BC1E-ED3634FEEA72}.Debug|x86.ActiveCfg = Debug|Win32
		{39635DF1-0071-404B-BC1E-ED3634FEEA72}.Debug|x86.Build.0 = Debug|Win32
		{39635DF1-0071-404B-BC1E-ED3634FEEA72}.Release|x64.ActiveCfg = Release|x64
		{39635DF1-0071-404B-BC1E-ED3634FEEA72}.Release|x64.Build.0 = Release|x64
		{39635DF1-0071-404B-BC1E-ED3634FEEA72}.Release|x86.ActiveCfg = Release|Win32
		{39635DF1-0071-404B-BC1E-ED3634FEEA72}.Release|x86.Build.0 = Release|Win32
		{2C780534-B9AE-4588-819A-07A757521983}.Debug|x64.ActiveCfg = Debug|x64
		{2C780534-B9AE-4588-819A-07A757521983}.Debug|x64.Build.0 = Debug|x64
		{2C780534-B9AE-4588-819A-07A757521983}.Debug|x86.ActiveCfg = Debug|Win32
		{2C780534-B9AE-4588-819A-07A757521983}.Debug|x86.Build.0 = Debug|Win32
		{2C780534-B9AE-4588-819A-07A757521983}.Release|x64.ActiveCfg = Release|x64
		{2C780534-B9AE-4588-819A-07A757521983}.Release|x64.Build.0 = Release|x64
		{2C780534-B9AE-4588-819A-07A757521983}.Release|x86.ActiveCfg = Release|Win32
		{2C780534-B9AE-4588-819A-07A757521983}.Release|x86.Build.0 = Release|Win32
		{60579002-83A7-429E-84FB-E2E1896F4439}.Debug|x64.ActiveCfg = Debug|x64
		{60579002-83A7-429E-84FB-E2E1896F4439}.Debug|x64.Build.0 = Debug|x64
		{60579002-83A7-429E-84FB-E2E1896F4439}.Debug|x86.ActiveCfg = Debug|Win32
		{60579002-83A7-429E-84FB-E2E1896F4439}.Debug|x86.Build.0 = Debug|Win32
		{60579002-83A7-429E-84FB-E2E1896F4439}.Release|x64.ActiveCfg = Release|x64
		{60579002-83A7-429E-84FB-E2E1896F4439}.Release|x64.Build.0 = Release|x64
		{60579002-83A7-429E-84FB-E2E1896F4439}.Release|x86.ActiveCfg = Release|Win32
		{60579002-83A7-429E-84FB-E2E1896F4439}.Release|x86.Build.0 = Release|Win32
		{66AE0023-FCDD-4F0F-9721-A09211843C06}.Debug|x64.ActiveCfg = Debug|x64
		{66AE0023-FCDD-4F0F-9721-A09211843C06}.Debug|x64.Build.0 = Debug|x64
		{66AE0023-FCDD-4F0F-9721-A09211843C06}.Debug|x86.ActiveCfg = Debug|Win32
		{66AE0023-FCDD-4F0F-9721-A09211843C06}.Debug|x86.Build.0 = Debug|Win32
		{66AE0023-FCDD-4F0F-9721-A09211843C06}.Release|x64.ActiveCfg = Release|x64
		{66AE0023-FCDD-4F0F-9721-A09211843C06}.Release|x64.Build.0 = Release|x64
		{66AE0023-FCDD-4F0F-9721-A09211843C06}.Release|x86.ActiveCfg = Release|Win32
		{66AE0023-FCDD-4F0F-9721-A09211843C06}.Release|x86.Build.0 = Release|Win32
		{817C156F-D6B6-4127-A2C4-CA61D0086DB7}.Debug|x64.ActiveCfg = Debug|x64
		{817C156F-D6B6-4127-A2C4-CA61D0086DB7}.Debug|x64.Build.0 = Debug|x64
		{817C156F-D6B6-4127-A2C4-CA61D0086DB7}.Debug|x86.ActiveCfg = Debug|Win32
		{817C156F-D6B6-4127-A2C4-CA61D0086DB7}.Debug|x86.Build.0 = Debug|Win32
		{817C156F-D6B6-4127-A2C4-CA61D0086DB7}.Release|x64.ActiveCfg = Release|x64
		{817C156F-D6B6-4127-A2C4-CA61D0086DB7}.Release|x64.Build.0 = Release|x64
		{817C156F-D6B6-4127-A2C4-CA61D0086DB7}.Release|x86.ActiveCfg = Release|Win32
		{817C156F-D6B6-4127-A2C4-CA61D0086DB7}.Release|x86.Build.0 = Release|Win32
		{848FB462-7C5E-45CF-AF73-0BE54BB56852}.Debug|x64.ActiveCfg = Debug|x64
		{848FB462-7C5E-45CF-AF73-0BE54BB56852}.Debug|x64.Build.0 = Debug|x64
		{848FB462-7C5E-45CF-AF73-0BE54BB56852}.Debug|x86.ActiveCfg = Debug|Win32
		{848FB462-7C5E-45CF-AF73-0BE54BB56852}.Debug|x86.Build.0 = Debug|Win32
		{848FB462-7C5E-45CF-AF73-0BE54BB56852}.Release|x64.ActiveCfg = Release|x64
		{848FB462-7C5E-45CF-AF73-0BE54BB56852}.Release|x64.Build.0 = Release|x64
		{848FB462-7C5E-45CF-AF73-0BE54BB56852}.Release|x86.ActiveCfg = Release|Win32
		{848FB462-7C5E-45CF-AF73-0BE54BB56852}.Release|x86.Build.0 = Release|Win32
		{6EC12109-BE1D-49CD-BC9B-1EBF3020FBB6}.Debug|x64.ActiveCfg = Debug|x64
		{6EC12109-BE1D-49CD-BC9B-1EBF3020FBB6}.Debug|x64.Build.0 = Debug|x64
		{6EC12109-BE1D-49CD-BC9B-1EBF3020FBB6}.Debug|x86.ActiveCfg = Debug|Win32
		{6EC12109-BE1D-49CD-BC9B-1EBF3020FBB6}.Debug|x86.Build.0 = Debug|Win32
		{6EC12109-BE1D-49CD-BC9B-1EBF3020FBB6}.Release|x64.ActiveCfg = Release|x64
		{6EC12109-BE1D-49CD-BC9B-1EBF3020FBB6}.Release|x64.Build.0 = Release|x64
		{6EC12109-BE1D-49CD-BC9B-1EBF3020FBB6}.Release|x86.ActiveCfg = Release|Win32
		{6EC12109-BE1D-49CD-BC9B-1EBF3020FBB6}.Release|x86.Build.0 = Release|Win32
		{35E9187F-15D5-461E-9822-F0C95C092570}.Debug|x64.ActiveCfg = Debug|x64
		{35E9187F-15D5-461E-9822-F0C95C092570}.Debug|x64.Build.0 = Debug|x64
		{35E9187F-15D5-461E-9822-F0C95C092570}.Debug|x86.ActiveCfg = Debug|Win32
		{35E9187F-15D5-461E-9822-F0C95C092570}.Debug|x86.Build.0 = Debug|Win32
		{35E9187F-15D5-461E-9822-F0C95C092570}.Release|x64.ActiveCfg = Release|x64
		{35E9187F-15D5-461E-9822-F0C95C092570}.Release|x64.Build.0 = Release|x64
		{35E9187F-15D5-461E-9822-F0C95C092570}.Release|x86.ActiveCfg = Release|Win32
		{35E9187F-15D5-461E-9822-F0C95C092570}.Release|x86.Build.0 = Release|Win32
		{E2F3E27E-9B38-415C-AE2B-F0B4E9C7A759}.Debug|x64.ActiveCfg = Debug|x64
		{E2F3E27E-9B38-415C-AE2B-F0B4E9C7A759}.Debug|x64.Build.0 = Debug|x64
		{E2F3E27E-9B38-415C-AE2B-F0B4E9C7A759}.Debug|x86.ActiveCfg = Debug|Win32
		{E2F3E27E-9B38-415C-AE2B-F0B4E9C7A759}.Debug|x86.Build.0 = Debug|Win32
		{E2F3E27E-9B38-415C-AE2B-F0B4E9C7A759}.Release|x64.ActiveCfg = Release|x64
		{E2F3E27E-9B38-415C-AE2B-F0B4E9C7A759}.Release|x64.Build.0 = Release|x64
		{E2F3E27E-9B38-415C-AE2B-F0B4E9C7A759}.Release|x86.ActiveCfg = Release|Win32
		{E2F3E27E-9B38-415C-AE2B-F0B4E9C7A759}.Release|x86.Build.0 = Release|Win32
		{8922365E-9EF6-4C12-8024-EB329E4313E0}.Debug|x64.ActiveCfg = Debug|x64
		{8922365E-9EF6-4C12-8024-EB329E4313E0}.Debug|x64.Build.0 = Debug|x64
		{8922365E-9EF6-4C12-8024-EB329E4313E0}.Debug|x86.ActiveCfg = Debug|Win32
		{8922365E-9EF6-4C12-8024-EB329E4313E0}.Debug|x86.Build.0 = Debug|Win32
		{8922365E-9EF6-4C12-8024-EB329E4313E0}.Release|x64.ActiveCfg = Release|x64
		{8922365E-9EF6-4C12-8024-EB329E4313E0}.Release|x64.Build.0 = Release|x64
		{8922365E-9EF6-4C12-8024-EB329E4313E0}.Release|x86.ActiveCfg = Release|Win32
		{8922365E-9EF6-4C12-8024-EB329E4313E0}.Release|x86.Build.0 = Release|Win32
		{9C1634B5-D160-491D-A48F-87B626C42ABC}.Debug|x64.ActiveCfg = Debug|x64
		{9C1634B5-D160-491D-A48F-87B626C42ABC}.Debug|x64.Build.0 = Debug|x64
		{9C1634B5-D160-491D-A48F-87B626C42ABC}.Debug|x86.ActiveCfg = Debug|Win32
		{9C1634B5-D160-491D-A48F-87B626C42ABC}.Debug|x86.Build.0 = Debug|Win32
		{9C1634B5-D160-491D-A48F-87B626C42ABC}.Release|x64.ActiveCfg = Release|x64
		{9C1634B5-D160-491D-A48F-87B626C42ABC}.Release|x64.Build.0 = Release|x64
		{9C1634B5-D160-491D-A48F-87B626C42ABC}.Release|x86.ActiveCfg = Release|Win32
		{9C1634B5-D160-491D-A48F-87B626C42ABC}.Release|x86.Build.0 = Release|Win32
		{D5E7C11D-DF77-4E93-AD53-094DC52BBAFF}.Debug|x64.ActiveCfg = Debug|x64
		{D5E7C11D-DF77-4E93-AD53-094DC52BBAFF}.Debug|x64.Build.0 = Debug|x64
		{D5E7C11D-DF77-4E93-AD53-094DC52BBAFF}.Debug|x86.ActiveCfg = Debug|Win32
		{D5E7C11D-DF77-4E93-AD53-094DC52BBAFF}.Debug|x86.Build.0 = Debug|Win32
		{D5E7C11D-DF77-4E93-AD53-094DC52BBAFF}.Release|x64.ActiveCfg = Release|x64
		{D5E7C11D-DF77-4E93-AD53-094DC52BBAFF}.Release|x64.Build.0 = Release|x64
		{D5E7C11D-DF77-4E93-AD53-094DC52BBAFF}.Release|x86.ActiveCfg = Release|Win32
		{D5E7C11D-DF77-4E93-AD53-094DC52BBAFF}.Release|x86.Build.0 = Release|Win32
		{7A43309F-F8C9-483A-8704-681EBE46CE9A}.Debug|x64.ActiveCfg = Debug|x64
		{7A43309F-F8C9-483A-8704-681EBE46CE9A}.Debug|x64.Build.0 = Debug|x64
		{7A43309F-F8C9-483A-8704-681EBE46CE9A}.Debug|x86.ActiveCfg = Debug|Win32
		{7A43309F-F8C9-483A-8704-681EBE46CE9A}.Debug|x86.Build.0 = Debug|Win32
		{7A43309F-F8C9-483A-8704-681EBE46CE9A}.Release|x64.ActiveCfg = Release|x64
		{7A43309F-F8C9-483A-8704-681EBE46CE9A}.Release|x64.Build.0 = Release|x64
		{7A43309F-F8C9-483A-8704-681EBE46CE9A}.Release|x86.ActiveCfg = Release|Win32
		{7A43309F-F8C9-483A-8704-681EBE46CE9A}.Release|x86.Build.0 = Release|Win32
		{8E1CD21D-86BF-4F54-97DF-9B491DD148C2}.Debug|x64.ActiveCfg = Debug|x64
		{8E1CD21D-86BF-4F54-97DF-9B491DD148C2}.Debug|x64.Build.0 = Debug|x64
		{8E1CD21D-86BF-4F54-97DF-9B491DD148C2}.Debug|x86.ActiveCfg = Debug|Win32
		{8E1CD21D-86BF-4F54-97DF-9B491DD148C2}.Debug|x86.Build.0 = Debug|Win32
		{8E1CD21D-86BF-4F54-97DF-9B491DD148C2}.Release|x64.ActiveCfg = Release|x64
		{8E1CD21D-86BF-4F54-97DF-9B491DD148C2}.Release|x64.Build.0 = Release|x64
		{8E1CD21D-86BF-4F54-97DF-9B491DD148C2}.Release|x86.ActiveCfg = Release|Win32
		{8E1CD21D-86BF-4F54-97DF-9B491DD148C2}.Release|x86.Build.0 = Release|Win32
		{9C539CA9-9243-40D3-A3FC-1AAB9285390C}.Debug|x64.ActiveCfg = Debug|x64
		{9C539CA9-9243-40D3-A3FC-1AAB9285390C}.Debug|x64.Build.0 = Debug|x64
		{9C539CA9-9243-40D3-A3FC-1AAB9285390C}.Debug|x86.ActiveCfg = Debug|Win32
		{9C539CA9-9243-40D3-A3FC-1AAB9285390C}.Debug|x86.Build.0 = Debug|Win32
		{9C539CA9-9243-40D3-A3FC-1AAB9285390C}.Release|x64.ActiveCfg = Release|x64
		{9C539CA9-9243-40D3-A3FC-1AAB9285390C}.Release|x64.Build.0 = Release|x64
		{9C539CA9-9243-40D3-A3FC-1AAB9285390C}.Release|x86.ActiveCfg = Release|Win32
		{9C539CA9-9243-40D3-A3FC-1AAB9285390C}.Release|x86.Build.0 = Release|Win32
		{E37E14B4-0EBB-49C1-ACFA-8C50EF17CEAD}.Debug|x64.ActiveCfg = Debug|x64
		{E37E14B4-0EBB-49C1-ACFA-8C50EF17CEAD}.Debug|x64.Build.0 = Debug|x64
		{E37E14B4-0EBB-49C1-ACFA-8C50EF17CEAD}.Debug|x86.ActiveCfg = Debug|Win32
		{E37E14B4-0EBB-49C1-ACFA-8C50EF17CEAD}.Debug|x86.Build.0 = Debug|Win32
		{E37E14B4-0EBB-49C1-ACFA-8C50EF17CEAD}.Release|x64.ActiveCfg = Release|x64
		{E37E14B4-0EBB-49C1-ACFA-8C50EF17CEAD}.Release|x64.Build.0 = Release|x64
		{E37E14B4-0EBB-49C1-ACFA-8C50EF17CEAD}.Release|x86.ActiveCfg = Release|Win32
		{E37E14B4-0EBB-49C1-ACFA-8C50EF17CEAD}.Release|x86.Build.0 = Release|Win32
	EndGlobalSection
	GlobalSection(SolutionProperties) = preSolution
		HideSolutionNode = FALSE
	EndGlobalSection
	GlobalSection(ExtensibilityGlobals) = postSolution
		SolutionGuid = {143C8FC3-D318-4448-8063-8E6F9BF42670}
	EndGlobalSection
EndGlobal
