
Microsoft Visual Studio Solution File, Format Version 12.00
# Visual Studio Version 16
VisualStudioVersion = 16.0.29609.76
MinimumVisualStudioVersion = 10.0.40219.1
Project("{8BC9CEB8-8B4A-11D0-8D11-00A0C91BC942}") = "RectangleFault", "RectangleFault\RectangleFault.vcxproj", "{29A646F5-2610-449F-ADB7-A4A346BE5DFE}"
EndProject
Project("{8BC9CEB8-8B4A-11D0-8D11-00A0C91BC942}") = "RectangleFaultFind", "RectangleFaultFind\RectangleFaultFind.vcxproj", "{B4BE4A68-47F3-462D-8056-9361F3CA71F9}"
EndProject
Project("{8BC9CEB8-8B4A-11D0-8D11-00A0C91BC942}") = "Question04_1_1", "Question04_1_1\Question04_1_1.vcxproj", "{46F2A548-EC80-44EE-9213-7190B9D6840A}"
EndProject
Project("{8BC9CEB8-8B4A-11D0-8D11-00A0C91BC942}") = "Encaps1", "Encaps1\Encaps1.vcxproj", "{7521CAC1-54E1-4B24-9627-9FE9880D3158}"
EndProject
Project("{8BC9CEB8-8B4A-11D0-8D11-00A0C91BC942}") = "Encaps2", "Encaps2\Encaps2.vcxproj", "{62F2963D-6E2E-4A04-9327-C3D7FE2011D5}"
EndProject
Project("{8BC9CEB8-8B4A-11D0-8D11-00A0C91BC942}") = "Question04_2_1", "Question04_2_1\Question04_2_1.vcxproj", "{35349760-B94C-4021-A201-9FA6EE8744A7}"
EndProject
Project("{8BC9CEB8-8B4A-11D0-8D11-00A0C91BC942}") = "Constructor1", "Constructor1\Constructor1.vcxproj", "{74973F37-F576-4C18-AAC0-9D052BAAC23C}"
EndProject
Project("{8BC9CEB8-8B4A-11D0-8D11-00A0C91BC942}") = "Contructor2", "Contructor2\Contructor2.vcxproj", "{E6EF0CCB-2666-4B91-85BE-4A0927CABAC9}"
EndProject
Project("{8BC9CEB8-8B4A-11D0-8D11-00A0C91BC942}") = "FruitSaleSim2", "FruitSaleSim2\FruitSaleSim2.vcxproj", "{1D7A8B80-82C0-484B-B2B0-3C3B01AF2284}"
EndProject
Project("{8BC9CEB8-8B4A-11D0-8D11-00A0C91BC942}") = "RectangleConstructor", "RectangleConstructor\RectangleConstructor.vcxproj", "{1539DCDE-270C-46AB-A8DE-CE17E3792B6C}"
EndProject
Project("{8BC9CEB8-8B4A-11D0-8D11-00A0C91BC942}") = "FruitSaleSim3", "FruitSaleSim3\FruitSaleSim3.vcxproj", "{53B995E4-E37A-4963-8680-D9D70E7767EA}"
EndProject
Project("{8BC9CEB8-8B4A-11D0-8D11-00A0C91BC942}") = "ReferenceMember", "ReferenceMember\ReferenceMember.vcxproj", "{A7153200-27C4-4F52-9DAB-AD7937B84046}"
EndProject
Project("{8BC9CEB8-8B4A-11D0-8D11-00A0C91BC942}") = "PrivateConstructor", "PrivateConstructor\PrivateConstructor.vcxproj", "{370186A5-535D-4C19-BA93-1E839B9A0CD1}"
EndProject
Project("{8BC9CEB8-8B4A-11D0-8D11-00A0C91BC942}") = "Destructor", "Destructor\Destructor.vcxproj", "{D0C46466-2634-4859-9B20-F7AE0C0A6479}"
EndProject
Project("{8BC9CEB8-8B4A-11D0-8D11-00A0C91BC942}") = "Question04_3_1", "Question04_3_1\Question04_3_1.vcxproj", "{A3547488-9E97-4345-B7ED-EBA0D5DD8132}"
EndProject
Project("{8BC9CEB8-8B4A-11D0-8D11-00A0C91BC942}") = "Question04_3_2", "Question04_3_2\Question04_3_2.vcxproj", "{2DD01D7E-2C8F-4604-A009-A8269D2553DE}"
EndProject
Project("{8BC9CEB8-8B4A-11D0-8D11-00A0C91BC942}") = "ObjArr", "ObjArr\ObjArr.vcxproj", "{B373819E-A065-49D0-9D3C-55997CEA1E99}"
EndProject
Project("{8BC9CEB8-8B4A-11D0-8D11-00A0C91BC942}") = "ObjPtrArr", "ObjPtrArr\ObjPtrArr.vcxproj", "{1A57D6A9-54B5-421B-9FC2-D4D6C3DC44F3}"
EndProject
Project("{8BC9CEB8-8B4A-11D0-8D11-00A0C91BC942}") = "PointerThis", "PointerThis\PointerThis.vcxproj", "{C0C3F7EE-55B9-4019-B892-DB4376CC6D49}"
EndProject
Project("{8BC9CEB8-8B4A-11D0-8D11-00A0C91BC942}") = "UsefulThisPtr", "UsefulThisPtr\UsefulThisPtr.vcxproj", "{40CBBFD2-0E3A-45E7-8E1D-24E07A4C7982}"
EndProject
Project("{8BC9CEB8-8B4A-11D0-8D11-00A0C91BC942}") = "SelfRef", "SelfRef\SelfRef.vcxproj", "{88754BE6-B9F0-4499-B3C0-7A0550636636}"
EndProject
Global
	GlobalSection(SolutionConfigurationPlatforms) = preSolution
		Debug|x64 = Debug|x64
		Debug|x86 = Debug|x86
		Release|x64 = Release|x64
		Release|x86 = Release|x86
	EndGlobalSection
	GlobalSection(ProjectConfigurationPlatforms) = postSolution
		{29A646F5-2610-449F-ADB7-A4A346BE5DFE}.Debug|x64.ActiveCfg = Debug|x64
		{29A646F5-2610-449F-ADB7-A4A346BE5DFE}.Debug|x64.Build.0 = Debug|x64
		{29A646F5-2610-449F-ADB7-A4A346BE5DFE}.Debug|x86.ActiveCfg = Debug|Win32
		{29A646F5-2610-449F-ADB7-A4A346BE5DFE}.Debug|x86.Build.0 = Debug|Win32
		{29A646F5-2610-449F-ADB7-A4A346BE5DFE}.Release|x64.ActiveCfg = Release|x64
		{29A646F5-2610-449F-ADB7-A4A346BE5DFE}.Release|x64.Build.0 = Release|x64
		{29A646F5-2610-449F-ADB7-A4A346BE5DFE}.Release|x86.ActiveCfg = Release|Win32
		{29A646F5-2610-449F-ADB7-A4A346BE5DFE}.Release|x86.Build.0 = Release|Win32
		{B4BE4A68-47F3-462D-8056-9361F3CA71F9}.Debug|x64.ActiveCfg = Debug|x64
		{B4BE4A68-47F3-462D-8056-9361F3CA71F9}.Debug|x64.Build.0 = Debug|x64
		{B4BE4A68-47F3-462D-8056-9361F3CA71F9}.Debug|x86.ActiveCfg = Debug|Win32
		{B4BE4A68-47F3-462D-8056-9361F3CA71F9}.Debug|x86.Build.0 = Debug|Win32
		{B4BE4A68-47F3-462D-8056-9361F3CA71F9}.Release|x64.ActiveCfg = Release|x64
		{B4BE4A68-47F3-462D-8056-9361F3CA71F9}.Release|x64.Build.0 = Release|x64
		{B4BE4A68-47F3-462D-8056-9361F3CA71F9}.Release|x86.ActiveCfg = Release|Win32
		{B4BE4A68-47F3-462D-8056-9361F3CA71F9}.Release|x86.Build.0 = Release|Win32
		{46F2A548-EC80-44EE-9213-7190B9D6840A}.Debug|x64.ActiveCfg = Debug|x64
		{46F2A548-EC80-44EE-9213-7190B9D6840A}.Debug|x64.Build.0 = Debug|x64
		{46F2A548-EC80-44EE-9213-7190B9D6840A}.Debug|x86.ActiveCfg = Debug|Win32
		{46F2A548-EC80-44EE-9213-7190B9D6840A}.Debug|x86.Build.0 = Debug|Win32
		{46F2A548-EC80-44EE-9213-7190B9D6840A}.Release|x64.ActiveCfg = Release|x64
		{46F2A548-EC80-44EE-9213-7190B9D6840A}.Release|x64.Build.0 = Release|x64
		{46F2A548-EC80-44EE-9213-7190B9D6840A}.Release|x86.ActiveCfg = Release|Win32
		{46F2A548-EC80-44EE-9213-7190B9D6840A}.Release|x86.Build.0 = Release|Win32
		{7521CAC1-54E1-4B24-9627-9FE9880D3158}.Debug|x64.ActiveCfg = Debug|x64
		{7521CAC1-54E1-4B24-9627-9FE9880D3158}.Debug|x64.Build.0 = Debug|x64
		{7521CAC1-54E1-4B24-9627-9FE9880D3158}.Debug|x86.ActiveCfg = Debug|Win32
		{7521CAC1-54E1-4B24-9627-9FE9880D3158}.Debug|x86.Build.0 = Debug|Win32
		{7521CAC1-54E1-4B24-9627-9FE9880D3158}.Release|x64.ActiveCfg = Release|x64
		{7521CAC1-54E1-4B24-9627-9FE9880D3158}.Release|x64.Build.0 = Release|x64
		{7521CAC1-54E1-4B24-9627-9FE9880D3158}.Release|x86.ActiveCfg = Release|Win32
		{7521CAC1-54E1-4B24-9627-9FE9880D3158}.Release|x86.Build.0 = Release|Win32
		{62F2963D-6E2E-4A04-9327-C3D7FE2011D5}.Debug|x64.ActiveCfg = Debug|x64
		{62F2963D-6E2E-4A04-9327-C3D7FE2011D5}.Debug|x64.Build.0 = Debug|x64
		{62F2963D-6E2E-4A04-9327-C3D7FE2011D5}.Debug|x86.ActiveCfg = Debug|Win32
		{62F2963D-6E2E-4A04-9327-C3D7FE2011D5}.Debug|x86.Build.0 = Debug|Win32
		{62F2963D-6E2E-4A04-9327-C3D7FE2011D5}.Release|x64.ActiveCfg = Release|x64
		{62F2963D-6E2E-4A04-9327-C3D7FE2011D5}.Release|x64.Build.0 = Release|x64
		{62F2963D-6E2E-4A04-9327-C3D7FE2011D5}.Release|x86.ActiveCfg = Release|Win32
		{62F2963D-6E2E-4A04-9327-C3D7FE2011D5}.Release|x86.Build.0 = Release|Win32
		{35349760-B94C-4021-A201-9FA6EE8744A7}.Debug|x64.ActiveCfg = Debug|x64
		{35349760-B94C-4021-A201-9FA6EE8744A7}.Debug|x64.Build.0 = Debug|x64
		{35349760-B94C-4021-A201-9FA6EE8744A7}.Debug|x86.ActiveCfg = Debug|Win32
		{35349760-B94C-4021-A201-9FA6EE8744A7}.Debug|x86.Build.0 = Debug|Win32
		{35349760-B94C-4021-A201-9FA6EE8744A7}.Release|x64.ActiveCfg = Release|x64
		{35349760-B94C-4021-A201-9FA6EE8744A7}.Release|x64.Build.0 = Release|x64
		{35349760-B94C-4021-A201-9FA6EE8744A7}.Release|x86.ActiveCfg = Release|Win32
		{35349760-B94C-4021-A201-9FA6EE8744A7}.Release|x86.Build.0 = Release|Win32
		{74973F37-F576-4C18-AAC0-9D052BAAC23C}.Debug|x64.ActiveCfg = Debug|x64
		{74973F37-F576-4C18-AAC0-9D052BAAC23C}.Debug|x64.Build.0 = Debug|x64
		{74973F37-F576-4C18-AAC0-9D052BAAC23C}.Debug|x86.ActiveCfg = Debug|Win32
		{74973F37-F576-4C18-AAC0-9D052BAAC23C}.Debug|x86.Build.0 = Debug|Win32
		{74973F37-F576-4C18-AAC0-9D052BAAC23C}.Release|x64.ActiveCfg = Release|x64
		{74973F37-F576-4C18-AAC0-9D052BAAC23C}.Release|x64.Build.0 = Release|x64
		{74973F37-F576-4C18-AAC0-9D052BAAC23C}.Release|x86.ActiveCfg = Release|Win32
		{74973F37-F576-4C18-AAC0-9D052BAAC23C}.Release|x86.Build.0 = Release|Win32
		{E6EF0CCB-2666-4B91-85BE-4A0927CABAC9}.Debug|x64.ActiveCfg = Debug|x64
		{E6EF0CCB-2666-4B91-85BE-4A0927CABAC9}.Debug|x64.Build.0 = Debug|x64
		{E6EF0CCB-2666-4B91-85BE-4A0927CABAC9}.Debug|x86.ActiveCfg = Debug|Win32
		{E6EF0CCB-2666-4B91-85BE-4A0927CABAC9}.Debug|x86.Build.0 = Debug|Win32
		{E6EF0CCB-2666-4B91-85BE-4A0927CABAC9}.Release|x64.ActiveCfg = Release|x64
		{E6EF0CCB-2666-4B91-85BE-4A0927CABAC9}.Release|x64.Build.0 = Release|x64
		{E6EF0CCB-2666-4B91-85BE-4A0927CABAC9}.Release|x86.ActiveCfg = Release|Win32
		{E6EF0CCB-2666-4B91-85BE-4A0927CABAC9}.Release|x86.Build.0 = Release|Win32
		{1D7A8B80-82C0-484B-B2B0-3C3B01AF2284}.Debug|x64.ActiveCfg = Debug|x64
		{1D7A8B80-82C0-484B-B2B0-3C3B01AF2284}.Debug|x64.Build.0 = Debug|x64
		{1D7A8B80-82C0-484B-B2B0-3C3B01AF2284}.Debug|x86.ActiveCfg = Debug|Win32
		{1D7A8B80-82C0-484B-B2B0-3C3B01AF2284}.Debug|x86.Build.0 = Debug|Win32
		{1D7A8B80-82C0-484B-B2B0-3C3B01AF2284}.Release|x64.ActiveCfg = Release|x64
		{1D7A8B80-82C0-484B-B2B0-3C3B01AF2284}.Release|x64.Build.0 = Release|x64
		{1D7A8B80-82C0-484B-B2B0-3C3B01AF2284}.Release|x86.ActiveCfg = Release|Win32
		{1D7A8B80-82C0-484B-B2B0-3C3B01AF2284}.Release|x86.Build.0 = Release|Win32
		{1539DCDE-270C-46AB-A8DE-CE17E3792B6C}.Debug|x64.ActiveCfg = Debug|x64
		{1539DCDE-270C-46AB-A8DE-CE17E3792B6C}.Debug|x64.Build.0 = Debug|x64
		{1539DCDE-270C-46AB-A8DE-CE17E3792B6C}.Debug|x86.ActiveCfg = Debug|Win32
		{1539DCDE-270C-46AB-A8DE-CE17E3792B6C}.Debug|x86.Build.0 = Debug|Win32
		{1539DCDE-270C-46AB-A8DE-CE17E3792B6C}.Release|x64.ActiveCfg = Release|x64
		{1539DCDE-270C-46AB-A8DE-CE17E3792B6C}.Release|x64.Build.0 = Release|x64
		{1539DCDE-270C-46AB-A8DE-CE17E3792B6C}.Release|x86.ActiveCfg = Release|Win32
		{1539DCDE-270C-46AB-A8DE-CE17E3792B6C}.Release|x86.Build.0 = Release|Win32
		{53B995E4-E37A-4963-8680-D9D70E7767EA}.Debug|x64.ActiveCfg = Debug|x64
		{53B995E4-E37A-4963-8680-D9D70E7767EA}.Debug|x64.Build.0 = Debug|x64
		{53B995E4-E37A-4963-8680-D9D70E7767EA}.Debug|x86.ActiveCfg = Debug|Win32
		{53B995E4-E37A-4963-8680-D9D70E7767EA}.Debug|x86.Build.0 = Debug|Win32
		{53B995E4-E37A-4963-8680-D9D70E7767EA}.Release|x64.ActiveCfg = Release|x64
		{53B995E4-E37A-4963-8680-D9D70E7767EA}.Release|x64.Build.0 = Release|x64
		{53B995E4-E37A-4963-8680-D9D70E7767EA}.Release|x86.ActiveCfg = Release|Win32
		{53B995E4-E37A-4963-8680-D9D70E7767EA}.Release|x86.Build.0 = Release|Win32
		{A7153200-27C4-4F52-9DAB-AD7937B84046}.Debug|x64.ActiveCfg = Debug|x64
		{A7153200-27C4-4F52-9DAB-AD7937B84046}.Debug|x64.Build.0 = Debug|x64
		{A7153200-27C4-4F52-9DAB-AD7937B84046}.Debug|x86.ActiveCfg = Debug|Win32
		{A7153200-27C4-4F52-9DAB-AD7937B84046}.Debug|x86.Build.0 = Debug|Win32
		{A7153200-27C4-4F52-9DAB-AD7937B84046}.Release|x64.ActiveCfg = Release|x64
		{A7153200-27C4-4F52-9DAB-AD7937B84046}.Release|x64.Build.0 = Release|x64
		{A7153200-27C4-4F52-9DAB-AD7937B84046}.Release|x86.ActiveCfg = Release|Win32
		{A7153200-27C4-4F52-9DAB-AD7937B84046}.Release|x86.Build.0 = Release|Win32
		{370186A5-535D-4C19-BA93-1E839B9A0CD1}.Debug|x64.ActiveCfg = Debug|x64
		{370186A5-535D-4C19-BA93-1E839B9A0CD1}.Debug|x64.Build.0 = Debug|x64
		{370186A5-535D-4C19-BA93-1E839B9A0CD1}.Debug|x86.ActiveCfg = Debug|Win32
		{370186A5-535D-4C19-BA93-1E839B9A0CD1}.Debug|x86.Build.0 = Debug|Win32
		{370186A5-535D-4C19-BA93-1E839B9A0CD1}.Release|x64.ActiveCfg = Release|x64
		{370186A5-535D-4C19-BA93-1E839B9A0CD1}.Release|x64.Build.0 = Release|x64
		{370186A5-535D-4C19-BA93-1E839B9A0CD1}.Release|x86.ActiveCfg = Release|Win32
		{370186A5-535D-4C19-BA93-1E839B9A0CD1}.Release|x86.Build.0 = Release|Win32
		{D0C46466-2634-4859-9B20-F7AE0C0A6479}.Debug|x64.ActiveCfg = Debug|x64
		{D0C46466-2634-4859-9B20-F7AE0C0A6479}.Debug|x64.Build.0 = Debug|x64
		{D0C46466-2634-4859-9B20-F7AE0C0A6479}.Debug|x86.ActiveCfg = Debug|Win32
		{D0C46466-2634-4859-9B20-F7AE0C0A6479}.Debug|x86.Build.0 = Debug|Win32
		{D0C46466-2634-4859-9B20-F7AE0C0A6479}.Release|x64.ActiveCfg = Release|x64
		{D0C46466-2634-4859-9B20-F7AE0C0A6479}.Release|x64.Build.0 = Release|x64
		{D0C46466-2634-4859-9B20-F7AE0C0A6479}.Release|x86.ActiveCfg = Release|Win32
		{D0C46466-2634-4859-9B20-F7AE0C0A6479}.Release|x86.Build.0 = Release|Win32
		{A3547488-9E97-4345-B7ED-EBA0D5DD8132}.Debug|x64.ActiveCfg = Debug|x64
		{A3547488-9E97-4345-B7ED-EBA0D5DD8132}.Debug|x64.Build.0 = Debug|x64
		{A3547488-9E97-4345-B7ED-EBA0D5DD8132}.Debug|x86.ActiveCfg = Debug|Win32
		{A3547488-9E97-4345-B7ED-EBA0D5DD8132}.Debug|x86.Build.0 = Debug|Win32
		{A3547488-9E97-4345-B7ED-EBA0D5DD8132}.Release|x64.ActiveCfg = Release|x64
		{A3547488-9E97-4345-B7ED-EBA0D5DD8132}.Release|x64.Build.0 = Release|x64
		{A3547488-9E97-4345-B7ED-EBA0D5DD8132}.Release|x86.ActiveCfg = Release|Win32
		{A3547488-9E97-4345-B7ED-EBA0D5DD8132}.Release|x86.Build.0 = Release|Win32
		{2DD01D7E-2C8F-4604-A009-A8269D2553DE}.Debug|x64.ActiveCfg = Debug|x64
		{2DD01D7E-2C8F-4604-A009-A8269D2553DE}.Debug|x64.Build.0 = Debug|x64
		{2DD01D7E-2C8F-4604-A009-A8269D2553DE}.Debug|x86.ActiveCfg = Debug|Win32
		{2DD01D7E-2C8F-4604-A009-A8269D2553DE}.Debug|x86.Build.0 = Debug|Win32
		{2DD01D7E-2C8F-4604-A009-A8269D2553DE}.Release|x64.ActiveCfg = Release|x64
		{2DD01D7E-2C8F-4604-A009-A8269D2553DE}.Release|x64.Build.0 = Release|x64
		{2DD01D7E-2C8F-4604-A009-A8269D2553DE}.Release|x86.ActiveCfg = Release|Win32
		{2DD01D7E-2C8F-4604-A009-A8269D2553DE}.Release|x86.Build.0 = Release|Win32
		{B373819E-A065-49D0-9D3C-55997CEA1E99}.Debug|x64.ActiveCfg = Debug|x64
		{B373819E-A065-49D0-9D3C-55997CEA1E99}.Debug|x64.Build.0 = Debug|x64
		{B373819E-A065-49D0-9D3C-55997CEA1E99}.Debug|x86.ActiveCfg = Debug|Win32
		{B373819E-A065-49D0-9D3C-55997CEA1E99}.Debug|x86.Build.0 = Debug|Win32
		{B373819E-A065-49D0-9D3C-55997CEA1E99}.Release|x64.ActiveCfg = Release|x64
		{B373819E-A065-49D0-9D3C-55997CEA1E99}.Release|x64.Build.0 = Release|x64
		{B373819E-A065-49D0-9D3C-55997CEA1E99}.Release|x86.ActiveCfg = Release|Win32
		{B373819E-A065-49D0-9D3C-55997CEA1E99}.Release|x86.Build.0 = Release|Win32
		{1A57D6A9-54B5-421B-9FC2-D4D6C3DC44F3}.Debug|x64.ActiveCfg = Debug|x64
		{1A57D6A9-54B5-421B-9FC2-D4D6C3DC44F3}.Debug|x64.Build.0 = Debug|x64
		{1A57D6A9-54B5-421B-9FC2-D4D6C3DC44F3}.Debug|x86.ActiveCfg = Debug|Win32
		{1A57D6A9-54B5-421B-9FC2-D4D6C3DC44F3}.Debug|x86.Build.0 = Debug|Win32
		{1A57D6A9-54B5-421B-9FC2-D4D6C3DC44F3}.Release|x64.ActiveCfg = Release|x64
		{1A57D6A9-54B5-421B-9FC2-D4D6C3DC44F3}.Release|x64.Build.0 = Release|x64
		{1A57D6A9-54B5-421B-9FC2-D4D6C3DC44F3}.Release|x86.ActiveCfg = Release|Win32
		{1A57D6A9-54B5-421B-9FC2-D4D6C3DC44F3}.Release|x86.Build.0 = Release|Win32
		{C0C3F7EE-55B9-4019-B892-DB4376CC6D49}.Debug|x64.ActiveCfg = Debug|x64
		{C0C3F7EE-55B9-4019-B892-DB4376CC6D49}.Debug|x64.Build.0 = Debug|x64
		{C0C3F7EE-55B9-4019-B892-DB4376CC6D49}.Debug|x86.ActiveCfg = Debug|Win32
		{C0C3F7EE-55B9-4019-B892-DB4376CC6D49}.Debug|x86.Build.0 = Debug|Win32
		{C0C3F7EE-55B9-4019-B892-DB4376CC6D49}.Release|x64.ActiveCfg = Release|x64
		{C0C3F7EE-55B9-4019-B892-DB4376CC6D49}.Release|x64.Build.0 = Release|x64
		{C0C3F7EE-55B9-4019-B892-DB4376CC6D49}.Release|x86.ActiveCfg = Release|Win32
		{C0C3F7EE-55B9-4019-B892-DB4376CC6D49}.Release|x86.Build.0 = Release|Win32
		{40CBBFD2-0E3A-45E7-8E1D-24E07A4C7982}.Debug|x64.ActiveCfg = Debug|x64
		{40CBBFD2-0E3A-45E7-8E1D-24E07A4C7982}.Debug|x64.Build.0 = Debug|x64
		{40CBBFD2-0E3A-45E7-8E1D-24E07A4C7982}.Debug|x86.ActiveCfg = Debug|Win32
		{40CBBFD2-0E3A-45E7-8E1D-24E07A4C7982}.Debug|x86.Build.0 = Debug|Win32
		{40CBBFD2-0E3A-45E7-8E1D-24E07A4C7982}.Release|x64.ActiveCfg = Release|x64
		{40CBBFD2-0E3A-45E7-8E1D-24E07A4C7982}.Release|x64.Build.0 = Release|x64
		{40CBBFD2-0E3A-45E7-8E1D-24E07A4C7982}.Release|x86.ActiveCfg = Release|Win32
		{40CBBFD2-0E3A-45E7-8E1D-24E07A4C7982}.Release|x86.Build.0 = Release|Win32
		{88754BE6-B9F0-4499-B3C0-7A0550636636}.Debug|x64.ActiveCfg = Debug|x64
		{88754BE6-B9F0-4499-B3C0-7A0550636636}.Debug|x64.Build.0 = Debug|x64
		{88754BE6-B9F0-4499-B3C0-7A0550636636}.Debug|x86.ActiveCfg = Debug|Win32
		{88754BE6-B9F0-4499-B3C0-7A0550636636}.Debug|x86.Build.0 = Debug|Win32
		{88754BE6-B9F0-4499-B3C0-7A0550636636}.Release|x64.ActiveCfg = Release|x64
		{88754BE6-B9F0-4499-B3C0-7A0550636636}.Release|x64.Build.0 = Release|x64
		{88754BE6-B9F0-4499-B3C0-7A0550636636}.Release|x86.ActiveCfg = Release|Win32
		{88754BE6-B9F0-4499-B3C0-7A0550636636}.Release|x86.Build.0 = Release|Win32
	EndGlobalSection
	GlobalSection(SolutionProperties) = preSolution
		HideSolutionNode = FALSE
	EndGlobalSection
	GlobalSection(ExtensibilityGlobals) = postSolution
		SolutionGuid = {4B80FE47-0C16-4330-AAC2-30B27F6868A6}
	EndGlobalSection
EndGlobal
