
Microsoft Visual Studio Solution File, Format Version 12.00
# Visual Studio Version 16
VisualStudioVersion = 16.0.29519.87
MinimumVisualStudioVersion = 10.0.40219.1
Project("{8BC9CEB8-8B4A-11D0-8D11-00A0C91BC942}") = "HelloWorld", "HelloWorld\HelloWorld.vcxproj", "{F4ADA063-DE41-4CBC-A1B8-DC83B3B24CE0}"
EndProject
Project("{8BC9CEB8-8B4A-11D0-8D11-00A0C91BC942}") = "SimpleAdder", "SimpleAdder\SimpleAdder.vcxproj", "{AA603F67-123F-4444-85AA-7515FB2EFB95}"
EndProject
Project("{8BC9CEB8-8B4A-11D0-8D11-00A0C91BC942}") = "BetweenAdder", "BetweenAdder\BetweenAdder.vcxproj", "{4488D496-FCFF-4C63-BE36-32A36ADBE379}"
EndProject
Project("{8BC9CEB8-8B4A-11D0-8D11-00A0C91BC942}") = "StringIO", "StringIO\StringIO.vcxproj", "{88BCDDF8-4C89-4C24-AF16-C85E54BAC382}"
EndProject
Project("{8BC9CEB8-8B4A-11D0-8D11-00A0C91BC942}") = "Question01_1_1", "Question01_1_1\Question01_1_1.vcxproj", "{FD1285F9-D8F7-4B6C-BC51-8C612B1A657D}"
EndProject
Project("{8BC9CEB8-8B4A-11D0-8D11-00A0C91BC942}") = "Question01_1_2", "Question01_1_2\Question01_1_2.vcxproj", "{D33229F3-6117-4A27-8434-590A0B6EC957}"
EndProject
Project("{8BC9CEB8-8B4A-11D0-8D11-00A0C91BC942}") = "Question01_1_3", "Question01_1_3\Question01_1_3.vcxproj", "{4BDBAE6C-730D-46B7-8208-D7091E3FF440}"
EndProject
Project("{8BC9CEB8-8B4A-11D0-8D11-00A0C91BC942}") = "Question01_1_4", "Question01_1_4\Question01_1_4.vcxproj", "{DB2CAEA7-3D1A-4B22-8FB2-E33DE7F536B7}"
EndProject
Project("{8BC9CEB8-8B4A-11D0-8D11-00A0C91BC942}") = "FunctionOverloading", "FunctionOverloading\FunctionOverloading.vcxproj", "{9B8A9BF6-22F2-492A-8E54-8652CE989069}"
EndProject
Project("{8BC9CEB8-8B4A-11D0-8D11-00A0C91BC942}") = "Question01_2_1", "Question01_2_1\Question01_2_1.vcxproj", "{32161F84-3FC0-4D99-A37E-839C0A4E94FC}"
EndProject
Project("{8BC9CEB8-8B4A-11D0-8D11-00A0C91BC942}") = "DefaultValue1", "DefaultValue1\DefaultValue1.vcxproj", "{E755342C-4058-499A-8334-36B78701707B}"
EndProject
Project("{8BC9CEB8-8B4A-11D0-8D11-00A0C91BC942}") = "DefaultValue2", "DefaultValue2\DefaultValue2.vcxproj", "{317C1881-5D81-4A60-A2EE-6C606981F722}"
EndProject
Project("{8BC9CEB8-8B4A-11D0-8D11-00A0C91BC942}") = "DefaultValue3", "DefaultValue3\DefaultValue3.vcxproj", "{A228449F-C7E6-4436-82FB-259311581D10}"
EndProject
Project("{8BC9CEB8-8B4A-11D0-8D11-00A0C91BC942}") = "Question01_3_1", "Question01_3_1\Question01_3_1.vcxproj", "{A6A82E05-0BDF-405D-9D67-133AAA1C168C}"
EndProject
Project("{8BC9CEB8-8B4A-11D0-8D11-00A0C91BC942}") = "InlineFunc", "InlineFunc\InlineFunc.vcxproj", "{D3FF94C5-3C60-4209-B634-E207A4979FD1}"
EndProject
Project("{8BC9CEB8-8B4A-11D0-8D11-00A0C91BC942}") = "NameSp1", "NameSp1\NameSp1.vcxproj", "{A7568148-2EA9-412B-8ECA-9F6DDD90A54D}"
EndProject
Project("{8BC9CEB8-8B4A-11D0-8D11-00A0C91BC942}") = "NameSp2", "NameSp2\NameSp2.vcxproj", "{81AD5AD3-E334-49A5-832F-6B44F8ECF010}"
EndProject
Project("{8BC9CEB8-8B4A-11D0-8D11-00A0C91BC942}") = "NameSp3", "NameSp3\NameSp3.vcxproj", "{C001231B-485A-439C-B630-5F6A1646B658}"
EndProject
Project("{8BC9CEB8-8B4A-11D0-8D11-00A0C91BC942}") = "Question01_4_1", "Question01_4_1\Question01_4_1.vcxproj", "{2DECB3F3-7D56-4BA7-AC4C-4FD8B09CE4FD}"
EndProject
Project("{8BC9CEB8-8B4A-11D0-8D11-00A0C91BC942}") = "UsingDcl1", "UsingDcl1\UsingDcl1.vcxproj", "{A9193C53-B5E3-474B-8A89-343B5813E662}"
EndProject
Project("{8BC9CEB8-8B4A-11D0-8D11-00A0C91BC942}") = "UsingDcl2", "UsingDcl2\UsingDcl2.vcxproj", "{C46E5E6C-A178-4A43-9CE2-AA802D9DC462}"
EndProject
Project("{8BC9CEB8-8B4A-11D0-8D11-00A0C91BC942}") = "UsingDcl3", "UsingDcl3\UsingDcl3.vcxproj", "{AE3D32FA-3860-4545-AA76-21133644FB98}"
EndProject
Project("{8BC9CEB8-8B4A-11D0-8D11-00A0C91BC942}") = "NameAlias", "NameAlias\NameAlias.vcxproj", "{E1C25D30-D4B3-4166-960F-63481DD0B26D}"
EndProject
Global
	GlobalSection(SolutionConfigurationPlatforms) = preSolution
		Debug|x64 = Debug|x64
		Debug|x86 = Debug|x86
		Release|x64 = Release|x64
		Release|x86 = Release|x86
	EndGlobalSection
	GlobalSection(ProjectConfigurationPlatforms) = postSolution
		{F4ADA063-DE41-4CBC-A1B8-DC83B3B24CE0}.Debug|x64.ActiveCfg = Debug|x64
		{F4ADA063-DE41-4CBC-A1B8-DC83B3B24CE0}.Debug|x64.Build.0 = Debug|x64
		{F4ADA063-DE41-4CBC-A1B8-DC83B3B24CE0}.Debug|x86.ActiveCfg = Debug|Win32
		{F4ADA063-DE41-4CBC-A1B8-DC83B3B24CE0}.Debug|x86.Build.0 = Debug|Win32
		{F4ADA063-DE41-4CBC-A1B8-DC83B3B24CE0}.Release|x64.ActiveCfg = Release|x64
		{F4ADA063-DE41-4CBC-A1B8-DC83B3B24CE0}.Release|x64.Build.0 = Release|x64
		{F4ADA063-DE41-4CBC-A1B8-DC83B3B24CE0}.Release|x86.ActiveCfg = Release|Win32
		{F4ADA063-DE41-4CBC-A1B8-DC83B3B24CE0}.Release|x86.Build.0 = Release|Win32
		{AA603F67-123F-4444-85AA-7515FB2EFB95}.Debug|x64.ActiveCfg = Debug|x64
		{AA603F67-123F-4444-85AA-7515FB2EFB95}.Debug|x64.Build.0 = Debug|x64
		{AA603F67-123F-4444-85AA-7515FB2EFB95}.Debug|x86.ActiveCfg = Debug|Win32
		{AA603F67-123F-4444-85AA-7515FB2EFB95}.Debug|x86.Build.0 = Debug|Win32
		{AA603F67-123F-4444-85AA-7515FB2EFB95}.Release|x64.ActiveCfg = Release|x64
		{AA603F67-123F-4444-85AA-7515FB2EFB95}.Release|x64.Build.0 = Release|x64
		{AA603F67-123F-4444-85AA-7515FB2EFB95}.Release|x86.ActiveCfg = Release|Win32
		{AA603F67-123F-4444-85AA-7515FB2EFB95}.Release|x86.Build.0 = Release|Win32
		{4488D496-FCFF-4C63-BE36-32A36ADBE379}.Debug|x64.ActiveCfg = Debug|x64
		{4488D496-FCFF-4C63-BE36-32A36ADBE379}.Debug|x64.Build.0 = Debug|x64
		{4488D496-FCFF-4C63-BE36-32A36ADBE379}.Debug|x86.ActiveCfg = Debug|Win32
		{4488D496-FCFF-4C63-BE36-32A36ADBE379}.Debug|x86.Build.0 = Debug|Win32
		{4488D496-FCFF-4C63-BE36-32A36ADBE379}.Release|x64.ActiveCfg = Release|x64
		{4488D496-FCFF-4C63-BE36-32A36ADBE379}.Release|x64.Build.0 = Release|x64
		{4488D496-FCFF-4C63-BE36-32A36ADBE379}.Release|x86.ActiveCfg = Release|Win32
		{4488D496-FCFF-4C63-BE36-32A36ADBE379}.Release|x86.Build.0 = Release|Win32
		{88BCDDF8-4C89-4C24-AF16-C85E54BAC382}.Debug|x64.ActiveCfg = Debug|x64
		{88BCDDF8-4C89-4C24-AF16-C85E54BAC382}.Debug|x64.Build.0 = Debug|x64
		{88BCDDF8-4C89-4C24-AF16-C85E54BAC382}.Debug|x86.ActiveCfg = Debug|Win32
		{88BCDDF8-4C89-4C24-AF16-C85E54BAC382}.Debug|x86.Build.0 = Debug|Win32
		{88BCDDF8-4C89-4C24-AF16-C85E54BAC382}.Release|x64.ActiveCfg = Release|x64
		{88BCDDF8-4C89-4C24-AF16-C85E54BAC382}.Release|x64.Build.0 = Release|x64
		{88BCDDF8-4C89-4C24-AF16-C85E54BAC382}.Release|x86.ActiveCfg = Release|Win32
		{88BCDDF8-4C89-4C24-AF16-C85E54BAC382}.Release|x86.Build.0 = Release|Win32
		{FD1285F9-D8F7-4B6C-BC51-8C612B1A657D}.Debug|x64.ActiveCfg = Debug|x64
		{FD1285F9-D8F7-4B6C-BC51-8C612B1A657D}.Debug|x64.Build.0 = Debug|x64
		{FD1285F9-D8F7-4B6C-BC51-8C612B1A657D}.Debug|x86.ActiveCfg = Debug|Win32
		{FD1285F9-D8F7-4B6C-BC51-8C612B1A657D}.Debug|x86.Build.0 = Debug|Win32
		{FD1285F9-D8F7-4B6C-BC51-8C612B1A657D}.Release|x64.ActiveCfg = Release|x64
		{FD1285F9-D8F7-4B6C-BC51-8C612B1A657D}.Release|x64.Build.0 = Release|x64
		{FD1285F9-D8F7-4B6C-BC51-8C612B1A657D}.Release|x86.ActiveCfg = Release|Win32
		{FD1285F9-D8F7-4B6C-BC51-8C612B1A657D}.Release|x86.Build.0 = Release|Win32
		{D33229F3-6117-4A27-8434-590A0B6EC957}.Debug|x64.ActiveCfg = Debug|x64
		{D33229F3-6117-4A27-8434-590A0B6EC957}.Debug|x64.Build.0 = Debug|x64
		{D33229F3-6117-4A27-8434-590A0B6EC957}.Debug|x86.ActiveCfg = Debug|Win32
		{D33229F3-6117-4A27-8434-590A0B6EC957}.Debug|x86.Build.0 = Debug|Win32
		{D33229F3-6117-4A27-8434-590A0B6EC957}.Release|x64.ActiveCfg = Release|x64
		{D33229F3-6117-4A27-8434-590A0B6EC957}.Release|x64.Build.0 = Release|x64
		{D33229F3-6117-4A27-8434-590A0B6EC957}.Release|x86.ActiveCfg = Release|Win32
		{D33229F3-6117-4A27-8434-590A0B6EC957}.Release|x86.Build.0 = Release|Win32
		{4BDBAE6C-730D-46B7-8208-D7091E3FF440}.Debug|x64.ActiveCfg = Debug|x64
		{4BDBAE6C-730D-46B7-8208-D7091E3FF440}.Debug|x64.Build.0 = Debug|x64
		{4BDBAE6C-730D-46B7-8208-D7091E3FF440}.Debug|x86.ActiveCfg = Debug|Win32
		{4BDBAE6C-730D-46B7-8208-D7091E3FF440}.Debug|x86.Build.0 = Debug|Win32
		{4BDBAE6C-730D-46B7-8208-D7091E3FF440}.Release|x64.ActiveCfg = Release|x64
		{4BDBAE6C-730D-46B7-8208-D7091E3FF440}.Release|x64.Build.0 = Release|x64
		{4BDBAE6C-730D-46B7-8208-D7091E3FF440}.Release|x86.ActiveCfg = Release|Win32
		{4BDBAE6C-730D-46B7-8208-D7091E3FF440}.Release|x86.Build.0 = Release|Win32
		{DB2CAEA7-3D1A-4B22-8FB2-E33DE7F536B7}.Debug|x64.ActiveCfg = Debug|x64
		{DB2CAEA7-3D1A-4B22-8FB2-E33DE7F536B7}.Debug|x64.Build.0 = Debug|x64
		{DB2CAEA7-3D1A-4B22-8FB2-E33DE7F536B7}.Debug|x86.ActiveCfg = Debug|Win32
		{DB2CAEA7-3D1A-4B22-8FB2-E33DE7F536B7}.Debug|x86.Build.0 = Debug|Win32
		{DB2CAEA7-3D1A-4B22-8FB2-E33DE7F536B7}.Release|x64.ActiveCfg = Release|x64
		{DB2CAEA7-3D1A-4B22-8FB2-E33DE7F536B7}.Release|x64.Build.0 = Release|x64
		{DB2CAEA7-3D1A-4B22-8FB2-E33DE7F536B7}.Release|x86.ActiveCfg = Release|Win32
		{DB2CAEA7-3D1A-4B22-8FB2-E33DE7F536B7}.Release|x86.Build.0 = Release|Win32
		{9B8A9BF6-22F2-492A-8E54-8652CE989069}.Debug|x64.ActiveCfg = Debug|x64
		{9B8A9BF6-22F2-492A-8E54-8652CE989069}.Debug|x64.Build.0 = Debug|x64
		{9B8A9BF6-22F2-492A-8E54-8652CE989069}.Debug|x86.ActiveCfg = Debug|Win32
		{9B8A9BF6-22F2-492A-8E54-8652CE989069}.Debug|x86.Build.0 = Debug|Win32
		{9B8A9BF6-22F2-492A-8E54-8652CE989069}.Release|x64.ActiveCfg = Release|x64
		{9B8A9BF6-22F2-492A-8E54-8652CE989069}.Release|x64.Build.0 = Release|x64
		{9B8A9BF6-22F2-492A-8E54-8652CE989069}.Release|x86.ActiveCfg = Release|Win32
		{9B8A9BF6-22F2-492A-8E54-8652CE989069}.Release|x86.Build.0 = Release|Win32
		{32161F84-3FC0-4D99-A37E-839C0A4E94FC}.Debug|x64.ActiveCfg = Debug|x64
		{32161F84-3FC0-4D99-A37E-839C0A4E94FC}.Debug|x64.Build.0 = Debug|x64
		{32161F84-3FC0-4D99-A37E-839C0A4E94FC}.Debug|x86.ActiveCfg = Debug|Win32
		{32161F84-3FC0-4D99-A37E-839C0A4E94FC}.Debug|x86.Build.0 = Debug|Win32
		{32161F84-3FC0-4D99-A37E-839C0A4E94FC}.Release|x64.ActiveCfg = Release|x64
		{32161F84-3FC0-4D99-A37E-839C0A4E94FC}.Release|x64.Build.0 = Release|x64
		{32161F84-3FC0-4D99-A37E-839C0A4E94FC}.Release|x86.ActiveCfg = Release|Win32
		{32161F84-3FC0-4D99-A37E-839C0A4E94FC}.Release|x86.Build.0 = Release|Win32
		{E755342C-4058-499A-8334-36B78701707B}.Debug|x64.ActiveCfg = Debug|x64
		{E755342C-4058-499A-8334-36B78701707B}.Debug|x64.Build.0 = Debug|x64
		{E755342C-4058-499A-8334-36B78701707B}.Debug|x86.ActiveCfg = Debug|Win32
		{E755342C-4058-499A-8334-36B78701707B}.Debug|x86.Build.0 = Debug|Win32
		{E755342C-4058-499A-8334-36B78701707B}.Release|x64.ActiveCfg = Release|x64
		{E755342C-4058-499A-8334-36B78701707B}.Release|x64.Build.0 = Release|x64
		{E755342C-4058-499A-8334-36B78701707B}.Release|x86.ActiveCfg = Release|Win32
		{E755342C-4058-499A-8334-36B78701707B}.Release|x86.Build.0 = Release|Win32
		{317C1881-5D81-4A60-A2EE-6C606981F722}.Debug|x64.ActiveCfg = Debug|x64
		{317C1881-5D81-4A60-A2EE-6C606981F722}.Debug|x64.Build.0 = Debug|x64
		{317C1881-5D81-4A60-A2EE-6C606981F722}.Debug|x86.ActiveCfg = Debug|Win32
		{317C1881-5D81-4A60-A2EE-6C606981F722}.Debug|x86.Build.0 = Debug|Win32
		{317C1881-5D81-4A60-A2EE-6C606981F722}.Release|x64.ActiveCfg = Release|x64
		{317C1881-5D81-4A60-A2EE-6C606981F722}.Release|x64.Build.0 = Release|x64
		{317C1881-5D81-4A60-A2EE-6C606981F722}.Release|x86.ActiveCfg = Release|Win32
		{317C1881-5D81-4A60-A2EE-6C606981F722}.Release|x86.Build.0 = Release|Win32
		{A228449F-C7E6-4436-82FB-259311581D10}.Debug|x64.ActiveCfg = Debug|x64
		{A228449F-C7E6-4436-82FB-259311581D10}.Debug|x64.Build.0 = Debug|x64
		{A228449F-C7E6-4436-82FB-259311581D10}.Debug|x86.ActiveCfg = Debug|Win32
		{A228449F-C7E6-4436-82FB-259311581D10}.Debug|x86.Build.0 = Debug|Win32
		{A228449F-C7E6-4436-82FB-259311581D10}.Release|x64.ActiveCfg = Release|x64
		{A228449F-C7E6-4436-82FB-259311581D10}.Release|x64.Build.0 = Release|x64
		{A228449F-C7E6-4436-82FB-259311581D10}.Release|x86.ActiveCfg = Release|Win32
		{A228449F-C7E6-4436-82FB-259311581D10}.Release|x86.Build.0 = Release|Win32
		{A6A82E05-0BDF-405D-9D67-133AAA1C168C}.Debug|x64.ActiveCfg = Debug|x64
		{A6A82E05-0BDF-405D-9D67-133AAA1C168C}.Debug|x64.Build.0 = Debug|x64
		{A6A82E05-0BDF-405D-9D67-133AAA1C168C}.Debug|x86.ActiveCfg = Debug|Win32
		{A6A82E05-0BDF-405D-9D67-133AAA1C168C}.Debug|x86.Build.0 = Debug|Win32
		{A6A82E05-0BDF-405D-9D67-133AAA1C168C}.Release|x64.ActiveCfg = Release|x64
		{A6A82E05-0BDF-405D-9D67-133AAA1C168C}.Release|x64.Build.0 = Release|x64
		{A6A82E05-0BDF-405D-9D67-133AAA1C168C}.Release|x86.ActiveCfg = Release|Win32
		{A6A82E05-0BDF-405D-9D67-133AAA1C168C}.Release|x86.Build.0 = Release|Win32
		{D3FF94C5-3C60-4209-B634-E207A4979FD1}.Debug|x64.ActiveCfg = Debug|x64
		{D3FF94C5-3C60-4209-B634-E207A4979FD1}.Debug|x64.Build.0 = Debug|x64
		{D3FF94C5-3C60-4209-B634-E207A4979FD1}.Debug|x86.ActiveCfg = Debug|Win32
		{D3FF94C5-3C60-4209-B634-E207A4979FD1}.Debug|x86.Build.0 = Debug|Win32
		{D3FF94C5-3C60-4209-B634-E207A4979FD1}.Release|x64.ActiveCfg = Release|x64
		{D3FF94C5-3C60-4209-B634-E207A4979FD1}.Release|x64.Build.0 = Release|x64
		{D3FF94C5-3C60-4209-B634-E207A4979FD1}.Release|x86.ActiveCfg = Release|Win32
		{D3FF94C5-3C60-4209-B634-E207A4979FD1}.Release|x86.Build.0 = Release|Win32
		{A7568148-2EA9-412B-8ECA-9F6DDD90A54D}.Debug|x64.ActiveCfg = Debug|x64
		{A7568148-2EA9-412B-8ECA-9F6DDD90A54D}.Debug|x64.Build.0 = Debug|x64
		{A7568148-2EA9-412B-8ECA-9F6DDD90A54D}.Debug|x86.ActiveCfg = Debug|Win32
		{A7568148-2EA9-412B-8ECA-9F6DDD90A54D}.Debug|x86.Build.0 = Debug|Win32
		{A7568148-2EA9-412B-8ECA-9F6DDD90A54D}.Release|x64.ActiveCfg = Release|x64
		{A7568148-2EA9-412B-8ECA-9F6DDD90A54D}.Release|x64.Build.0 = Release|x64
		{A7568148-2EA9-412B-8ECA-9F6DDD90A54D}.Release|x86.ActiveCfg = Release|Win32
		{A7568148-2EA9-412B-8ECA-9F6DDD90A54D}.Release|x86.Build.0 = Release|Win32
		{81AD5AD3-E334-49A5-832F-6B44F8ECF010}.Debug|x64.ActiveCfg = Debug|x64
		{81AD5AD3-E334-49A5-832F-6B44F8ECF010}.Debug|x64.Build.0 = Debug|x64
		{81AD5AD3-E334-49A5-832F-6B44F8ECF010}.Debug|x86.ActiveCfg = Debug|Win32
		{81AD5AD3-E334-49A5-832F-6B44F8ECF010}.Debug|x86.Build.0 = Debug|Win32
		{81AD5AD3-E334-49A5-832F-6B44F8ECF010}.Release|x64.ActiveCfg = Release|x64
		{81AD5AD3-E334-49A5-832F-6B44F8ECF010}.Release|x64.Build.0 = Release|x64
		{81AD5AD3-E334-49A5-832F-6B44F8ECF010}.Release|x86.ActiveCfg = Release|Win32
		{81AD5AD3-E334-49A5-832F-6B44F8ECF010}.Release|x86.Build.0 = Release|Win32
		{C001231B-485A-439C-B630-5F6A1646B658}.Debug|x64.ActiveCfg = Debug|x64
		{C001231B-485A-439C-B630-5F6A1646B658}.Debug|x64.Build.0 = Debug|x64
		{C001231B-485A-439C-B630-5F6A1646B658}.Debug|x86.ActiveCfg = Debug|Win32
		{C001231B-485A-439C-B630-5F6A1646B658}.Debug|x86.Build.0 = Debug|Win32
		{C001231B-485A-439C-B630-5F6A1646B658}.Release|x64.ActiveCfg = Release|x64
		{C001231B-485A-439C-B630-5F6A1646B658}.Release|x64.Build.0 = Release|x64
		{C001231B-485A-439C-B630-5F6A1646B658}.Release|x86.ActiveCfg = Release|Win32
		{C001231B-485A-439C-B630-5F6A1646B658}.Release|x86.Build.0 = Release|Win32
		{2DECB3F3-7D56-4BA7-AC4C-4FD8B09CE4FD}.Debug|x64.ActiveCfg = Debug|x64
		{2DECB3F3-7D56-4BA7-AC4C-4FD8B09CE4FD}.Debug|x64.Build.0 = Debug|x64
		{2DECB3F3-7D56-4BA7-AC4C-4FD8B09CE4FD}.Debug|x86.ActiveCfg = Debug|Win32
		{2DECB3F3-7D56-4BA7-AC4C-4FD8B09CE4FD}.Debug|x86.Build.0 = Debug|Win32
		{2DECB3F3-7D56-4BA7-AC4C-4FD8B09CE4FD}.Release|x64.ActiveCfg = Release|x64
		{2DECB3F3-7D56-4BA7-AC4C-4FD8B09CE4FD}.Release|x64.Build.0 = Release|x64
		{2DECB3F3-7D56-4BA7-AC4C-4FD8B09CE4FD}.Release|x86.ActiveCfg = Release|Win32
		{2DECB3F3-7D56-4BA7-AC4C-4FD8B09CE4FD}.Release|x86.Build.0 = Release|Win32
		{A9193C53-B5E3-474B-8A89-343B5813E662}.Debug|x64.ActiveCfg = Debug|x64
		{A9193C53-B5E3-474B-8A89-343B5813E662}.Debug|x64.Build.0 = Debug|x64
		{A9193C53-B5E3-474B-8A89-343B5813E662}.Debug|x86.ActiveCfg = Debug|Win32
		{A9193C53-B5E3-474B-8A89-343B5813E662}.Debug|x86.Build.0 = Debug|Win32
		{A9193C53-B5E3-474B-8A89-343B5813E662}.Release|x64.ActiveCfg = Release|x64
		{A9193C53-B5E3-474B-8A89-343B5813E662}.Release|x64.Build.0 = Release|x64
		{A9193C53-B5E3-474B-8A89-343B5813E662}.Release|x86.ActiveCfg = Release|Win32
		{A9193C53-B5E3-474B-8A89-343B5813E662}.Release|x86.Build.0 = Release|Win32
		{C46E5E6C-A178-4A43-9CE2-AA802D9DC462}.Debug|x64.ActiveCfg = Debug|x64
		{C46E5E6C-A178-4A43-9CE2-AA802D9DC462}.Debug|x64.Build.0 = Debug|x64
		{C46E5E6C-A178-4A43-9CE2-AA802D9DC462}.Debug|x86.ActiveCfg = Debug|Win32
		{C46E5E6C-A178-4A43-9CE2-AA802D9DC462}.Debug|x86.Build.0 = Debug|Win32
		{C46E5E6C-A178-4A43-9CE2-AA802D9DC462}.Release|x64.ActiveCfg = Release|x64
		{C46E5E6C-A178-4A43-9CE2-AA802D9DC462}.Release|x64.Build.0 = Release|x64
		{C46E5E6C-A178-4A43-9CE2-AA802D9DC462}.Release|x86.ActiveCfg = Release|Win32
		{C46E5E6C-A178-4A43-9CE2-AA802D9DC462}.Release|x86.Build.0 = Release|Win32
		{AE3D32FA-3860-4545-AA76-21133644FB98}.Debug|x64.ActiveCfg = Debug|x64
		{AE3D32FA-3860-4545-AA76-21133644FB98}.Debug|x64.Build.0 = Debug|x64
		{AE3D32FA-3860-4545-AA76-21133644FB98}.Debug|x86.ActiveCfg = Debug|Win32
		{AE3D32FA-3860-4545-AA76-21133644FB98}.Debug|x86.Build.0 = Debug|Win32
		{AE3D32FA-3860-4545-AA76-21133644FB98}.Release|x64.ActiveCfg = Release|x64
		{AE3D32FA-3860-4545-AA76-21133644FB98}.Release|x64.Build.0 = Release|x64
		{AE3D32FA-3860-4545-AA76-21133644FB98}.Release|x86.ActiveCfg = Release|Win32
		{AE3D32FA-3860-4545-AA76-21133644FB98}.Release|x86.Build.0 = Release|Win32
		{E1C25D30-D4B3-4166-960F-63481DD0B26D}.Debug|x64.ActiveCfg = Debug|x64
		{E1C25D30-D4B3-4166-960F-63481DD0B26D}.Debug|x64.Build.0 = Debug|x64
		{E1C25D30-D4B3-4166-960F-63481DD0B26D}.Debug|x86.ActiveCfg = Debug|Win32
		{E1C25D30-D4B3-4166-960F-63481DD0B26D}.Debug|x86.Build.0 = Debug|Win32
		{E1C25D30-D4B3-4166-960F-63481DD0B26D}.Release|x64.ActiveCfg = Release|x64
		{E1C25D30-D4B3-4166-960F-63481DD0B26D}.Release|x64.Build.0 = Release|x64
		{E1C25D30-D4B3-4166-960F-63481DD0B26D}.Release|x86.ActiveCfg = Release|Win32
		{E1C25D30-D4B3-4166-960F-63481DD0B26D}.Release|x86.Build.0 = Release|Win32
	EndGlobalSection
	GlobalSection(SolutionProperties) = preSolution
		HideSolutionNode = FALSE
	EndGlobalSection
	GlobalSection(ExtensibilityGlobals) = postSolution
		SolutionGuid = {41707748-2D9B-4198-B63E-374951E68B0D}
	EndGlobalSection
EndGlobal
