
Microsoft Visual Studio Solution File, Format Version 12.00
# Visual Studio Version 16
VisualStudioVersion = 16.0.29806.167
MinimumVisualStudioVersion = 10.0.40219.1
Project("{8BC9CEB8-8B4A-11D0-8D11-00A0C91BC942}") = "EmployeeManager1", "EmployeeManager1\EmployeeManager1.vcxproj", "{AB6CA29C-4BCA-4995-866A-DB6AF9A63171}"
EndProject
Project("{8BC9CEB8-8B4A-11D0-8D11-00A0C91BC942}") = "UnivStudentInheri", "UnivStudentInheri\UnivStudentInheri.vcxproj", "{11F2C976-6954-4813-AC69-B3DE460A1EAB}"
EndProject
Project("{8BC9CEB8-8B4A-11D0-8D11-00A0C91BC942}") = "DerivCreOrder", "DerivCreOrder\DerivCreOrder.vcxproj", "{E9E1798D-E1C8-43EB-8045-20CE64ECBB06}"
EndProject
Project("{8BC9CEB8-8B4A-11D0-8D11-00A0C91BC942}") = "DerivDestOrder", "DerivDestOrder\DerivDestOrder.vcxproj", "{6B70FEC8-E007-4EA0-A005-AB568C4BF403}"
EndProject
Project("{8BC9CEB8-8B4A-11D0-8D11-00A0C91BC942}") = "DestModel", "DestModel\DestModel.vcxproj", "{A1522908-525C-4A81-856D-1AB443EE637E}"
EndProject
Project("{8BC9CEB8-8B4A-11D0-8D11-00A0C91BC942}") = "Question07_1_1", "Question07_1_1\Question07_1_1.vcxproj", "{7491AB6D-0BC6-44A4-B99A-C18000A8B6F5}"
EndProject
Project("{8BC9CEB8-8B4A-11D0-8D11-00A0C91BC942}") = "Question07_1_2", "Question07_1_2\Question07_1_2.vcxproj", "{825A9AA1-FAB7-4376-BCFA-96F8C6EEC4DC}"
EndProject
Project("{8BC9CEB8-8B4A-11D0-8D11-00A0C91BC942}") = "ProtectedHeri", "ProtectedHeri\ProtectedHeri.vcxproj", "{D219C0ED-4E13-4F4D-9548-64DB7B447A9C}"
EndProject
Project("{8BC9CEB8-8B4A-11D0-8D11-00A0C91BC942}") = "ISAInheritance", "ISAInheritance\ISAInheritance.vcxproj", "{7417B757-5288-4539-BFA2-6F1F10DFF390}"
EndProject
Project("{8BC9CEB8-8B4A-11D0-8D11-00A0C91BC942}") = "HASInheritance", "HASInheritance\HASInheritance.vcxproj", "{98DEAF05-D892-4CCC-93C4-C288A0087492}"
EndProject
Project("{8BC9CEB8-8B4A-11D0-8D11-00A0C91BC942}") = "Question07_2_1", "Question07_2_1\Question07_2_1.vcxproj", "{41F348DC-4993-460B-BC7D-53A5F695E144}"
EndProject
Project("{8BC9CEB8-8B4A-11D0-8D11-00A0C91BC942}") = "Question07_2_2", "Question07_2_2\Question07_2_2.vcxproj", "{45079050-4F5C-4139-BD31-7A57B3A2A9F5}"
EndProject
Project("{8BC9CEB8-8B4A-11D0-8D11-00A0C91BC942}") = "HASComposite", "HASComposite\HASComposite.vcxproj", "{D86C5A72-2C04-4A89-A482-429D66D76217}"
EndProject
Global
	GlobalSection(SolutionConfigurationPlatforms) = preSolution
		Debug|x64 = Debug|x64
		Debug|x86 = Debug|x86
		Release|x64 = Release|x64
		Release|x86 = Release|x86
	EndGlobalSection
	GlobalSection(ProjectConfigurationPlatforms) = postSolution
		{AB6CA29C-4BCA-4995-866A-DB6AF9A63171}.Debug|x64.ActiveCfg = Debug|x64
		{AB6CA29C-4BCA-4995-866A-DB6AF9A63171}.Debug|x64.Build.0 = Debug|x64
		{AB6CA29C-4BCA-4995-866A-DB6AF9A63171}.Debug|x86.ActiveCfg = Debug|Win32
		{AB6CA29C-4BCA-4995-866A-DB6AF9A63171}.Debug|x86.Build.0 = Debug|Win32
		{AB6CA29C-4BCA-4995-866A-DB6AF9A63171}.Release|x64.ActiveCfg = Release|x64
		{AB6CA29C-4BCA-4995-866A-DB6AF9A63171}.Release|x64.Build.0 = Release|x64
		{AB6CA29C-4BCA-4995-866A-DB6AF9A63171}.Release|x86.ActiveCfg = Release|Win32
		{AB6CA29C-4BCA-4995-866A-DB6AF9A63171}.Release|x86.Build.0 = Release|Win32
		{11F2C976-6954-4813-AC69-B3DE460A1EAB}.Debug|x64.ActiveCfg = Debug|x64
		{11F2C976-6954-4813-AC69-B3DE460A1EAB}.Debug|x64.Build.0 = Debug|x64
		{11F2C976-6954-4813-AC69-B3DE460A1EAB}.Debug|x86.ActiveCfg = Debug|Win32
		{11F2C976-6954-4813-AC69-B3DE460A1EAB}.Debug|x86.Build.0 = Debug|Win32
		{11F2C976-6954-4813-AC69-B3DE460A1EAB}.Release|x64.ActiveCfg = Release|x64
		{11F2C976-6954-4813-AC69-B3DE460A1EAB}.Release|x64.Build.0 = Release|x64
		{11F2C976-6954-4813-AC69-B3DE460A1EAB}.Release|x86.ActiveCfg = Release|Win32
		{11F2C976-6954-4813-AC69-B3DE460A1EAB}.Release|x86.Build.0 = Release|Win32
		{E9E1798D-E1C8-43EB-8045-20CE64ECBB06}.Debug|x64.ActiveCfg = Debug|x64
		{E9E1798D-E1C8-43EB-8045-20CE64ECBB06}.Debug|x64.Build.0 = Debug|x64
		{E9E1798D-E1C8-43EB-8045-20CE64ECBB06}.Debug|x86.ActiveCfg = Debug|Win32
		{E9E1798D-E1C8-43EB-8045-20CE64ECBB06}.Debug|x86.Build.0 = Debug|Win32
		{E9E1798D-E1C8-43EB-8045-20CE64ECBB06}.Release|x64.ActiveCfg = Release|x64
		{E9E1798D-E1C8-43EB-8045-20CE64ECBB06}.Release|x64.Build.0 = Release|x64
		{E9E1798D-E1C8-43EB-8045-20CE64ECBB06}.Release|x86.ActiveCfg = Release|Win32
		{E9E1798D-E1C8-43EB-8045-20CE64ECBB06}.Release|x86.Build.0 = Release|Win32
		{6B70FEC8-E007-4EA0-A005-AB568C4BF403}.Debug|x64.ActiveCfg = Debug|x64
		{6B70FEC8-E007-4EA0-A005-AB568C4BF403}.Debug|x64.Build.0 = Debug|x64
		{6B70FEC8-E007-4EA0-A005-AB568C4BF403}.Debug|x86.ActiveCfg = Debug|Win32
		{6B70FEC8-E007-4EA0-A005-AB568C4BF403}.Debug|x86.Build.0 = Debug|Win32
		{6B70FEC8-E007-4EA0-A005-AB568C4BF403}.Release|x64.ActiveCfg = Release|x64
		{6B70FEC8-E007-4EA0-A005-AB568C4BF403}.Release|x64.Build.0 = Release|x64
		{6B70FEC8-E007-4EA0-A005-AB568C4BF403}.Release|x86.ActiveCfg = Release|Win32
		{6B70FEC8-E007-4EA0-A005-AB568C4BF403}.Release|x86.Build.0 = Release|Win32
		{A1522908-525C-4A81-856D-1AB443EE637E}.Debug|x64.ActiveCfg = Debug|x64
		{A1522908-525C-4A81-856D-1AB443EE637E}.Debug|x64.Build.0 = Debug|x64
		{A1522908-525C-4A81-856D-1AB443EE637E}.Debug|x86.ActiveCfg = Debug|Win32
		{A1522908-525C-4A81-856D-1AB443EE637E}.Debug|x86.Build.0 = Debug|Win32
		{A1522908-525C-4A81-856D-1AB443EE637E}.Release|x64.ActiveCfg = Release|x64
		{A1522908-525C-4A81-856D-1AB443EE637E}.Release|x64.Build.0 = Release|x64
		{A1522908-525C-4A81-856D-1AB443EE637E}.Release|x86.ActiveCfg = Release|Win32
		{A1522908-525C-4A81-856D-1AB443EE637E}.Release|x86.Build.0 = Release|Win32
		{7491AB6D-0BC6-44A4-B99A-C18000A8B6F5}.Debug|x64.ActiveCfg = Debug|x64
		{7491AB6D-0BC6-44A4-B99A-C18000A8B6F5}.Debug|x64.Build.0 = Debug|x64
		{7491AB6D-0BC6-44A4-B99A-C18000A8B6F5}.Debug|x86.ActiveCfg = Debug|Win32
		{7491AB6D-0BC6-44A4-B99A-C18000A8B6F5}.Debug|x86.Build.0 = Debug|Win32
		{7491AB6D-0BC6-44A4-B99A-C18000A8B6F5}.Release|x64.ActiveCfg = Release|x64
		{7491AB6D-0BC6-44A4-B99A-C18000A8B6F5}.Release|x64.Build.0 = Release|x64
		{7491AB6D-0BC6-44A4-B99A-C18000A8B6F5}.Release|x86.ActiveCfg = Release|Win32
		{7491AB6D-0BC6-44A4-B99A-C18000A8B6F5}.Release|x86.Build.0 = Release|Win32
		{825A9AA1-FAB7-4376-BCFA-96F8C6EEC4DC}.Debug|x64.ActiveCfg = Debug|x64
		{825A9AA1-FAB7-4376-BCFA-96F8C6EEC4DC}.Debug|x64.Build.0 = Debug|x64
		{825A9AA1-FAB7-4376-BCFA-96F8C6EEC4DC}.Debug|x86.ActiveCfg = Debug|Win32
		{825A9AA1-FAB7-4376-BCFA-96F8C6EEC4DC}.Debug|x86.Build.0 = Debug|Win32
		{825A9AA1-FAB7-4376-BCFA-96F8C6EEC4DC}.Release|x64.ActiveCfg = Release|x64
		{825A9AA1-FAB7-4376-BCFA-96F8C6EEC4DC}.Release|x64.Build.0 = Release|x64
		{825A9AA1-FAB7-4376-BCFA-96F8C6EEC4DC}.Release|x86.ActiveCfg = Release|Win32
		{825A9AA1-FAB7-4376-BCFA-96F8C6EEC4DC}.Release|x86.Build.0 = Release|Win32
		{D219C0ED-4E13-4F4D-9548-64DB7B447A9C}.Debug|x64.ActiveCfg = Debug|x64
		{D219C0ED-4E13-4F4D-9548-64DB7B447A9C}.Debug|x64.Build.0 = Debug|x64
		{D219C0ED-4E13-4F4D-9548-64DB7B447A9C}.Debug|x86.ActiveCfg = Debug|Win32
		{D219C0ED-4E13-4F4D-9548-64DB7B447A9C}.Debug|x86.Build.0 = Debug|Win32
		{D219C0ED-4E13-4F4D-9548-64DB7B447A9C}.Release|x64.ActiveCfg = Release|x64
		{D219C0ED-4E13-4F4D-9548-64DB7B447A9C}.Release|x64.Build.0 = Release|x64
		{D219C0ED-4E13-4F4D-9548-64DB7B447A9C}.Release|x86.ActiveCfg = Release|Win32
		{D219C0ED-4E13-4F4D-9548-64DB7B447A9C}.Release|x86.Build.0 = Release|Win32
		{7417B757-5288-4539-BFA2-6F1F10DFF390}.Debug|x64.ActiveCfg = Debug|x64
		{7417B757-5288-4539-BFA2-6F1F10DFF390}.Debug|x64.Build.0 = Debug|x64
		{7417B757-5288-4539-BFA2-6F1F10DFF390}.Debug|x86.ActiveCfg = Debug|Win32
		{7417B757-5288-4539-BFA2-6F1F10DFF390}.Debug|x86.Build.0 = Debug|Win32
		{7417B757-5288-4539-BFA2-6F1F10DFF390}.Release|x64.ActiveCfg = Release|x64
		{7417B757-5288-4539-BFA2-6F1F10DFF390}.Release|x64.Build.0 = Release|x64
		{7417B757-5288-4539-BFA2-6F1F10DFF390}.Release|x86.ActiveCfg = Release|Win32
		{7417B757-5288-4539-BFA2-6F1F10DFF390}.Release|x86.Build.0 = Release|Win32
		{98DEAF05-D892-4CCC-93C4-C288A0087492}.Debug|x64.ActiveCfg = Debug|x64
		{98DEAF05-D892-4CCC-93C4-C288A0087492}.Debug|x64.Build.0 = Debug|x64
		{98DEAF05-D892-4CCC-93C4-C288A0087492}.Debug|x86.ActiveCfg = Debug|Win32
		{98DEAF05-D892-4CCC-93C4-C288A0087492}.Debug|x86.Build.0 = Debug|Win32
		{98DEAF05-D892-4CCC-93C4-C288A0087492}.Release|x64.ActiveCfg = Release|x64
		{98DEAF05-D892-4CCC-93C4-C288A0087492}.Release|x64.Build.0 = Release|x64
		{98DEAF05-D892-4CCC-93C4-C288A0087492}.Release|x86.ActiveCfg = Release|Win32
		{98DEAF05-D892-4CCC-93C4-C288A0087492}.Release|x86.Build.0 = Release|Win32
		{41F348DC-4993-460B-BC7D-53A5F695E144}.Debug|x64.ActiveCfg = Debug|x64
		{41F348DC-4993-460B-BC7D-53A5F695E144}.Debug|x64.Build.0 = Debug|x64
		{41F348DC-4993-460B-BC7D-53A5F695E144}.Debug|x86.ActiveCfg = Debug|Win32
		{41F348DC-4993-460B-BC7D-53A5F695E144}.Debug|x86.Build.0 = Debug|Win32
		{41F348DC-4993-460B-BC7D-53A5F695E144}.Release|x64.ActiveCfg = Release|x64
		{41F348DC-4993-460B-BC7D-53A5F695E144}.Release|x64.Build.0 = Release|x64
		{41F348DC-4993-460B-BC7D-53A5F695E144}.Release|x86.ActiveCfg = Release|Win32
		{41F348DC-4993-460B-BC7D-53A5F695E144}.Release|x86.Build.0 = Release|Win32
		{45079050-4F5C-4139-BD31-7A57B3A2A9F5}.Debug|x64.ActiveCfg = Debug|x64
		{45079050-4F5C-4139-BD31-7A57B3A2A9F5}.Debug|x64.Build.0 = Debug|x64
		{45079050-4F5C-4139-BD31-7A57B3A2A9F5}.Debug|x86.ActiveCfg = Debug|Win32
		{45079050-4F5C-4139-BD31-7A57B3A2A9F5}.Debug|x86.Build.0 = Debug|Win32
		{45079050-4F5C-4139-BD31-7A57B3A2A9F5}.Release|x64.ActiveCfg = Release|x64
		{45079050-4F5C-4139-BD31-7A57B3A2A9F5}.Release|x64.Build.0 = Release|x64
		{45079050-4F5C-4139-BD31-7A57B3A2A9F5}.Release|x86.ActiveCfg = Release|Win32
		{45079050-4F5C-4139-BD31-7A57B3A2A9F5}.Release|x86.Build.0 = Release|Win32
		{D86C5A72-2C04-4A89-A482-429D66D76217}.Debug|x64.ActiveCfg = Debug|x64
		{D86C5A72-2C04-4A89-A482-429D66D76217}.Debug|x64.Build.0 = Debug|x64
		{D86C5A72-2C04-4A89-A482-429D66D76217}.Debug|x86.ActiveCfg = Debug|Win32
		{D86C5A72-2C04-4A89-A482-429D66D76217}.Debug|x86.Build.0 = Debug|Win32
		{D86C5A72-2C04-4A89-A482-429D66D76217}.Release|x64.ActiveCfg = Release|x64
		{D86C5A72-2C04-4A89-A482-429D66D76217}.Release|x64.Build.0 = Release|x64
		{D86C5A72-2C04-4A89-A482-429D66D76217}.Release|x86.ActiveCfg = Release|Win32
		{D86C5A72-2C04-4A89-A482-429D66D76217}.Release|x86.Build.0 = Release|Win32
	EndGlobalSection
	GlobalSection(SolutionProperties) = preSolution
		HideSolutionNode = FALSE
	EndGlobalSection
	GlobalSection(ExtensibilityGlobals) = postSolution
		SolutionGuid = {B05A8E98-CCE7-4CDA-AAE9-51552FDD9E8D}
	EndGlobalSection
EndGlobal
