
Microsoft Visual Studio Solution File, Format Version 12.00
# Visual Studio Version 16
VisualStudioVersion = 16.0.29609.76
MinimumVisualStudioVersion = 10.0.40219.1
Project("{8BC9CEB8-8B4A-11D0-8D11-00A0C91BC942}") = "ClassInit", "ClassInit\ClassInit.vcxproj", "{B0DE9A94-C78B-464B-8C60-52C43B29A0E3}"
EndProject
Project("{8BC9CEB8-8B4A-11D0-8D11-00A0C91BC942}") = "ShallowCopyError", "ShallowCopyError\ShallowCopyError.vcxproj", "{AF9DDFF7-F6F5-41A0-A228-37F8C9FCD938}"
EndProject
Project("{8BC9CEB8-8B4A-11D0-8D11-00A0C91BC942}") = "DeepCopyCon", "DeepCopyCon\DeepCopyCon.vcxproj", "{B7C87615-896C-41B4-989B-87BAC8959146}"
EndProject
Project("{8BC9CEB8-8B4A-11D0-8D11-00A0C91BC942}") = "Question05_1_1", "Question05_1_1\Question05_1_1.vcxproj", "{028AAC0A-AB5D-4443-B256-A21FA35B5F91}"
EndProject
Project("{8BC9CEB8-8B4A-11D0-8D11-00A0C91BC942}") = "PassObjCopycon", "PassObjCopycon\PassObjCopycon.vcxproj", "{53AB8A03-3357-4646-B726-7A95C6934A5C}"
EndProject
Project("{8BC9CEB8-8B4A-11D0-8D11-00A0C91BC942}") = "ReturnObjCopycon", "ReturnObjCopycon\ReturnObjCopycon.vcxproj", "{D54CFAFF-C645-439E-99F3-324A2CB268E7}"
EndProject
Project("{8BC9CEB8-8B4A-11D0-8D11-00A0C91BC942}") = "IKnowTempObj", "IKnowTempObj\IKnowTempObj.vcxproj", "{BB2275A2-9DDD-4FE4-9F1E-758A058F2623}"
EndProject
Project("{8BC9CEB8-8B4A-11D0-8D11-00A0C91BC942}") = "ReturnObjDeadTime", "ReturnObjDeadTime\ReturnObjDeadTime.vcxproj", "{A9AF1447-7405-4C0B-B63B-BEFBE71DBAC7}"
EndProject
Global
	GlobalSection(SolutionConfigurationPlatforms) = preSolution
		Debug|x64 = Debug|x64
		Debug|x86 = Debug|x86
		Release|x64 = Release|x64
		Release|x86 = Release|x86
	EndGlobalSection
	GlobalSection(ProjectConfigurationPlatforms) = postSolution
		{B0DE9A94-C78B-464B-8C60-52C43B29A0E3}.Debug|x64.ActiveCfg = Debug|x64
		{B0DE9A94-C78B-464B-8C60-52C43B29A0E3}.Debug|x64.Build.0 = Debug|x64
		{B0DE9A94-C78B-464B-8C60-52C43B29A0E3}.Debug|x86.ActiveCfg = Debug|Win32
		{B0DE9A94-C78B-464B-8C60-52C43B29A0E3}.Debug|x86.Build.0 = Debug|Win32
		{B0DE9A94-C78B-464B-8C60-52C43B29A0E3}.Release|x64.ActiveCfg = Release|x64
		{B0DE9A94-C78B-464B-8C60-52C43B29A0E3}.Release|x64.Build.0 = Release|x64
		{B0DE9A94-C78B-464B-8C60-52C43B29A0E3}.Release|x86.ActiveCfg = Release|Win32
		{B0DE9A94-C78B-464B-8C60-52C43B29A0E3}.Release|x86.Build.0 = Release|Win32
		{AF9DDFF7-F6F5-41A0-A228-37F8C9FCD938}.Debug|x64.ActiveCfg = Debug|x64
		{AF9DDFF7-F6F5-41A0-A228-37F8C9FCD938}.Debug|x64.Build.0 = Debug|x64
		{AF9DDFF7-F6F5-41A0-A228-37F8C9FCD938}.Debug|x86.ActiveCfg = Debug|Win32
		{AF9DDFF7-F6F5-41A0-A228-37F8C9FCD938}.Debug|x86.Build.0 = Debug|Win32
		{AF9DDFF7-F6F5-41A0-A228-37F8C9FCD938}.Release|x64.ActiveCfg = Release|x64
		{AF9DDFF7-F6F5-41A0-A228-37F8C9FCD938}.Release|x64.Build.0 = Release|x64
		{AF9DDFF7-F6F5-41A0-A228-37F8C9FCD938}.Release|x86.ActiveCfg = Release|Win32
		{AF9DDFF7-F6F5-41A0-A228-37F8C9FCD938}.Release|x86.Build.0 = Release|Win32
		{B7C87615-896C-41B4-989B-87BAC8959146}.Debug|x64.ActiveCfg = Debug|x64
		{B7C87615-896C-41B4-989B-87BAC8959146}.Debug|x64.Build.0 = Debug|x64
		{B7C87615-896C-41B4-989B-87BAC8959146}.Debug|x86.ActiveCfg = Debug|Win32
		{B7C87615-896C-41B4-989B-87BAC8959146}.Debug|x86.Build.0 = Debug|Win32
		{B7C87615-896C-41B4-989B-87BAC8959146}.Release|x64.ActiveCfg = Release|x64
		{B7C87615-896C-41B4-989B-87BAC8959146}.Release|x64.Build.0 = Release|x64
		{B7C87615-896C-41B4-989B-87BAC8959146}.Release|x86.ActiveCfg = Release|Win32
		{B7C87615-896C-41B4-989B-87BAC8959146}.Release|x86.Build.0 = Release|Win32
		{028AAC0A-AB5D-4443-B256-A21FA35B5F91}.Debug|x64.ActiveCfg = Debug|x64
		{028AAC0A-AB5D-4443-B256-A21FA35B5F91}.Debug|x64.Build.0 = Debug|x64
		{028AAC0A-AB5D-4443-B256-A21FA35B5F91}.Debug|x86.ActiveCfg = Debug|Win32
		{028AAC0A-AB5D-4443-B256-A21FA35B5F91}.Debug|x86.Build.0 = Debug|Win32
		{028AAC0A-AB5D-4443-B256-A21FA35B5F91}.Release|x64.ActiveCfg = Release|x64
		{028AAC0A-AB5D-4443-B256-A21FA35B5F91}.Release|x64.Build.0 = Release|x64
		{028AAC0A-AB5D-4443-B256-A21FA35B5F91}.Release|x86.ActiveCfg = Release|Win32
		{028AAC0A-AB5D-4443-B256-A21FA35B5F91}.Release|x86.Build.0 = Release|Win32
		{53AB8A03-3357-4646-B726-7A95C6934A5C}.Debug|x64.ActiveCfg = Debug|x64
		{53AB8A03-3357-4646-B726-7A95C6934A5C}.Debug|x64.Build.0 = Debug|x64
		{53AB8A03-3357-4646-B726-7A95C6934A5C}.Debug|x86.ActiveCfg = Debug|Win32
		{53AB8A03-3357-4646-B726-7A95C6934A5C}.Debug|x86.Build.0 = Debug|Win32
		{53AB8A03-3357-4646-B726-7A95C6934A5C}.Release|x64.ActiveCfg = Release|x64
		{53AB8A03-3357-4646-B726-7A95C6934A5C}.Release|x64.Build.0 = Release|x64
		{53AB8A03-3357-4646-B726-7A95C6934A5C}.Release|x86.ActiveCfg = Release|Win32
		{53AB8A03-3357-4646-B726-7A95C6934A5C}.Release|x86.Build.0 = Release|Win32
		{D54CFAFF-C645-439E-99F3-324A2CB268E7}.Debug|x64.ActiveCfg = Debug|x64
		{D54CFAFF-C645-439E-99F3-324A2CB268E7}.Debug|x64.Build.0 = Debug|x64
		{D54CFAFF-C645-439E-99F3-324A2CB268E7}.Debug|x86.ActiveCfg = Debug|Win32
		{D54CFAFF-C645-439E-99F3-324A2CB268E7}.Debug|x86.Build.0 = Debug|Win32
		{D54CFAFF-C645-439E-99F3-324A2CB268E7}.Release|x64.ActiveCfg = Release|x64
		{D54CFAFF-C645-439E-99F3-324A2CB268E7}.Release|x64.Build.0 = Release|x64
		{D54CFAFF-C645-439E-99F3-324A2CB268E7}.Release|x86.ActiveCfg = Release|Win32
		{D54CFAFF-C645-439E-99F3-324A2CB268E7}.Release|x86.Build.0 = Release|Win32
		{BB2275A2-9DDD-4FE4-9F1E-758A058F2623}.Debug|x64.ActiveCfg = Debug|x64
		{BB2275A2-9DDD-4FE4-9F1E-758A058F2623}.Debug|x64.Build.0 = Debug|x64
		{BB2275A2-9DDD-4FE4-9F1E-758A058F2623}.Debug|x86.ActiveCfg = Debug|Win32
		{BB2275A2-9DDD-4FE4-9F1E-758A058F2623}.Debug|x86.Build.0 = Debug|Win32
		{BB2275A2-9DDD-4FE4-9F1E-758A058F2623}.Release|x64.ActiveCfg = Release|x64
		{BB2275A2-9DDD-4FE4-9F1E-758A058F2623}.Release|x64.Build.0 = Release|x64
		{BB2275A2-9DDD-4FE4-9F1E-758A058F2623}.Release|x86.ActiveCfg = Release|Win32
		{BB2275A2-9DDD-4FE4-9F1E-758A058F2623}.Release|x86.Build.0 = Release|Win32
		{A9AF1447-7405-4C0B-B63B-BEFBE71DBAC7}.Debug|x64.ActiveCfg = Debug|x64
		{A9AF1447-7405-4C0B-B63B-BEFBE71DBAC7}.Debug|x64.Build.0 = Debug|x64
		{A9AF1447-7405-4C0B-B63B-BEFBE71DBAC7}.Debug|x86.ActiveCfg = Debug|Win32
		{A9AF1447-7405-4C0B-B63B-BEFBE71DBAC7}.Debug|x86.Build.0 = Debug|Win32
		{A9AF1447-7405-4C0B-B63B-BEFBE71DBAC7}.Release|x64.ActiveCfg = Release|x64
		{A9AF1447-7405-4C0B-B63B-BEFBE71DBAC7}.Release|x64.Build.0 = Release|x64
		{A9AF1447-7405-4C0B-B63B-BEFBE71DBAC7}.Release|x86.ActiveCfg = Release|Win32
		{A9AF1447-7405-4C0B-B63B-BEFBE71DBAC7}.Release|x86.Build.0 = Release|Win32
	EndGlobalSection
	GlobalSection(SolutionProperties) = preSolution
		HideSolutionNode = FALSE
	EndGlobalSection
	GlobalSection(ExtensibilityGlobals) = postSolution
		SolutionGuid = {2558C2B9-FA74-4455-93F2-CC1AFBFDEAA5}
	EndGlobalSection
EndGlobal
